// !$*UTF8*$!
{
	archiveVersion = 1;
	classes = {
	};
	objectVersion = 52;
	objects = {

/* Begin PBXBuildFile section */
		4B69C2C725F39CC500BA0663 /* TwitterXApp.swift in Sources */ = {isa = PBXBuildFile; fileRef = 4B69C2C625F39CC500BA0663 /* TwitterXApp.swift */; };
		4B69C2C925F39CC500BA0663 /* ContentView.swift in Sources */ = {isa = PBXBuildFile; fileRef = 4B69C2C825F39CC500BA0663 /* ContentView.swift */; };
		4B69C2CB25F39CC600BA0663 /* Assets.xcassets in Resources */ = {isa = PBXBuildFile; fileRef = 4B69C2CA25F39CC600BA0663 /* Assets.xcassets */; };
		4B69C2CE25F39CC600BA0663 /* Preview Assets.xcassets in Resources */ = {isa = PBXBuildFile; fileRef = 4B69C2CD25F39CC600BA0663 /* Preview Assets.xcassets */; };
		4B69C2D925F39CC600BA0663 /* TwitterXTests.swift in Sources */ = {isa = PBXBuildFile; fileRef = 4B69C2D825F39CC600BA0663 /* TwitterXTests.swift */; };
		4B69C2E425F39CC600BA0663 /* TwitterXUITests.swift in Sources */ = {isa = PBXBuildFile; fileRef = 4B69C2E325F39CC600BA0663 /* TwitterXUITests.swift */; };
		4B69C2FE25F39E7300BA0663 /* GoogleService-Info.plist in Resources */ = {isa = PBXBuildFile; fileRef = 4B69C2FD25F39E7300BA0663 /* GoogleService-Info.plist */; };
		4B69C30425F39FBE00BA0663 /* FirebaseAnalytics in Frameworks */ = {isa = PBXBuildFile; productRef = 4B69C30325F39FBE00BA0663 /* FirebaseAnalytics */; };
		4B69C30625F39FBE00BA0663 /* FirebaseAuth in Frameworks */ = {isa = PBXBuildFile; productRef = 4B69C30525F39FBE00BA0663 /* FirebaseAuth */; };
		4B69C30825F39FBE00BA0663 /* FirebaseCrashlytics in Frameworks */ = {isa = PBXBuildFile; productRef = 4B69C30725F39FBE00BA0663 /* FirebaseCrashlytics */; };
		4B69C31525F3A35200BA0663 /* LoginViewModel.swift in Sources */ = {isa = PBXBuildFile; fileRef = 4B69C31425F3A35200BA0663 /* LoginViewModel.swift */; };
		4B69C32325F3C10300BA0663 /* LoginView.swift in Sources */ = {isa = PBXBuildFile; fileRef = 4B69C32225F3C10300BA0663 /* LoginView.swift */; };
		4B69C33F25F3C84F00BA0663 /* HomeTimelineView.swift in Sources */ = {isa = PBXBuildFile; fileRef = 4B69C33E25F3C84F00BA0663 /* HomeTimelineView.swift */; };
		4B69C36D25F3DBC400BA0663 /* Localizable.strings in Resources */ = {isa = PBXBuildFile; fileRef = 4B69C36F25F3DBC400BA0663 /* Localizable.strings */; };
		4B69C37B25F3DDB900BA0663 /* OAuth-Info.plist in Resources */ = {isa = PBXBuildFile; fileRef = 4B69C37A25F3DDB900BA0663 /* OAuth-Info.plist */; };
		4B69C38025F3E0B600BA0663 /* Api.swift in Sources */ = {isa = PBXBuildFile; fileRef = 4B69C37F25F3E0B600BA0663 /* Api.swift */; };
		4B69C38B25F3E24400BA0663 /* HTTPMethodType.swift in Sources */ = {isa = PBXBuildFile; fileRef = 4B69C38A25F3E24400BA0663 /* HTTPMethodType.swift */; };
		4B69C39025F3E25C00BA0663 /* OAuth.swift in Sources */ = {isa = PBXBuildFile; fileRef = 4B69C38F25F3E25C00BA0663 /* OAuth.swift */; };
		4B69C39925F3E29F00BA0663 /* PropertyUtils.swift in Sources */ = {isa = PBXBuildFile; fileRef = 4B69C39825F3E29F00BA0663 /* PropertyUtils.swift */; };
		4B69C3A125F3E5D200BA0663 /* ApiError.swift in Sources */ = {isa = PBXBuildFile; fileRef = 4B69C3A025F3E5D200BA0663 /* ApiError.swift */; };
		4B69C3A625F3E5FD00BA0663 /* Endpoint.swift in Sources */ = {isa = PBXBuildFile; fileRef = 4B69C3A525F3E5FD00BA0663 /* Endpoint.swift */; };
		4B69C3AC25F3E66100BA0663 /* HMAC.swift in Sources */ = {isa = PBXBuildFile; fileRef = 4B69C3AA25F3E66100BA0663 /* HMAC.swift */; };
		4B69C3AD25F3E66100BA0663 /* SHA1.swift in Sources */ = {isa = PBXBuildFile; fileRef = 4B69C3AB25F3E66100BA0663 /* SHA1.swift */; };
		4B69C3B225F3E68400BA0663 /* Extension_Data.swift in Sources */ = {isa = PBXBuildFile; fileRef = 4B69C3B125F3E68400BA0663 /* Extension_Data.swift */; };
		4B69C3C425F3E76B00BA0663 /* Extension_Int.swift in Sources */ = {isa = PBXBuildFile; fileRef = 4B69C3C325F3E76B00BA0663 /* Extension_Int.swift */; };
		4B69C3C925F3E78800BA0663 /* Extension_Collection.swift in Sources */ = {isa = PBXBuildFile; fileRef = 4B69C3C825F3E78800BA0663 /* Extension_Collection.swift */; };
		4B69C3CE25F3E87700BA0663 /* Utils.swift in Sources */ = {isa = PBXBuildFile; fileRef = 4B69C3CD25F3E87700BA0663 /* Utils.swift */; };
		4B69C3D425F3EEC700BA0663 /* SwiftKeychainWrapper in Frameworks */ = {isa = PBXBuildFile; productRef = 4B69C3D325F3EEC700BA0663 /* SwiftKeychainWrapper */; };
		4B69C3D925F3EF6D00BA0663 /* Extension_Dictionary.swift in Sources */ = {isa = PBXBuildFile; fileRef = 4B69C3D825F3EF6C00BA0663 /* Extension_Dictionary.swift */; };
		4B69C3DE25F3EF9600BA0663 /* Extension_Date.swift in Sources */ = {isa = PBXBuildFile; fileRef = 4B69C3DD25F3EF9600BA0663 /* Extension_Date.swift */; };
		4B69C3E325F3EFA500BA0663 /* Extension_String.swift in Sources */ = {isa = PBXBuildFile; fileRef = 4B69C3E225F3EFA500BA0663 /* Extension_String.swift */; };
		4B69C3E825F3F33400BA0663 /* Tweet.swift in Sources */ = {isa = PBXBuildFile; fileRef = 4B69C3E725F3F33400BA0663 /* Tweet.swift */; };
		4B69C3ED25F3F6B800BA0663 /* Keychain.swift in Sources */ = {isa = PBXBuildFile; fileRef = 4B69C3EC25F3F6B800BA0663 /* Keychain.swift */; };
		4B69C3F325F3F91300BA0663 /* KeychainConst.swift in Sources */ = {isa = PBXBuildFile; fileRef = 4B69C3F225F3F91300BA0663 /* KeychainConst.swift */; };
		4B69C3FE25F4A09E00BA0663 /* HomeTimelineViewModel.swift in Sources */ = {isa = PBXBuildFile; fileRef = 4B69C3FD25F4A09E00BA0663 /* HomeTimelineViewModel.swift */; };
		4B69C41325F4EE2F00BA0663 /* TweetUrl.swift in Sources */ = {isa = PBXBuildFile; fileRef = 4B69C41225F4EE2F00BA0663 /* TweetUrl.swift */; };
		4B69C41825F4EF8F00BA0663 /* TweetEntities.swift in Sources */ = {isa = PBXBuildFile; fileRef = 4B69C41725F4EF8F00BA0663 /* TweetEntities.swift */; };
		4B69C42125F521B600BA0663 /* MetadataCache.swift in Sources */ = {isa = PBXBuildFile; fileRef = 4B69C42025F521B600BA0663 /* MetadataCache.swift */; };
		4B69C45825F536B000BA0663 /* SwiftLinkPreview in Frameworks */ = {isa = PBXBuildFile; productRef = 4B69C45725F536B000BA0663 /* SwiftLinkPreview */; };
/* End PBXBuildFile section */

/* Begin PBXContainerItemProxy section */
		4B69C2D525F39CC600BA0663 /* PBXContainerItemProxy */ = {
			isa = PBXContainerItemProxy;
			containerPortal = 4B69C2BB25F39CC500BA0663 /* Project object */;
			proxyType = 1;
			remoteGlobalIDString = 4B69C2C225F39CC500BA0663;
			remoteInfo = TwitterX;
		};
		4B69C2E025F39CC600BA0663 /* PBXContainerItemProxy */ = {
			isa = PBXContainerItemProxy;
			containerPortal = 4B69C2BB25F39CC500BA0663 /* Project object */;
			proxyType = 1;
			remoteGlobalIDString = 4B69C2C225F39CC500BA0663;
			remoteInfo = TwitterX;
		};
/* End PBXContainerItemProxy section */

/* Begin PBXFileReference section */
		4B69C2C325F39CC500BA0663 /* TwitterX.app */ = {isa = PBXFileReference; explicitFileType = wrapper.application; includeInIndex = 0; path = TwitterX.app; sourceTree = BUILT_PRODUCTS_DIR; };
		4B69C2C625F39CC500BA0663 /* TwitterXApp.swift */ = {isa = PBXFileReference; lastKnownFileType = sourcecode.swift; path = TwitterXApp.swift; sourceTree = "<group>"; };
		4B69C2C825F39CC500BA0663 /* ContentView.swift */ = {isa = PBXFileReference; lastKnownFileType = sourcecode.swift; path = ContentView.swift; sourceTree = "<group>"; };
		4B69C2CA25F39CC600BA0663 /* Assets.xcassets */ = {isa = PBXFileReference; lastKnownFileType = folder.assetcatalog; path = Assets.xcassets; sourceTree = "<group>"; };
		4B69C2CD25F39CC600BA0663 /* Preview Assets.xcassets */ = {isa = PBXFileReference; lastKnownFileType = folder.assetcatalog; path = "Preview Assets.xcassets"; sourceTree = "<group>"; };
		4B69C2CF25F39CC600BA0663 /* Info.plist */ = {isa = PBXFileReference; lastKnownFileType = text.plist.xml; path = Info.plist; sourceTree = "<group>"; };
		4B69C2D425F39CC600BA0663 /* TwitterXTests.xctest */ = {isa = PBXFileReference; explicitFileType = wrapper.cfbundle; includeInIndex = 0; path = TwitterXTests.xctest; sourceTree = BUILT_PRODUCTS_DIR; };
		4B69C2D825F39CC600BA0663 /* TwitterXTests.swift */ = {isa = PBXFileReference; lastKnownFileType = sourcecode.swift; path = TwitterXTests.swift; sourceTree = "<group>"; };
		4B69C2DA25F39CC600BA0663 /* Info.plist */ = {isa = PBXFileReference; lastKnownFileType = text.plist.xml; path = Info.plist; sourceTree = "<group>"; };
		4B69C2DF25F39CC600BA0663 /* TwitterXUITests.xctest */ = {isa = PBXFileReference; explicitFileType = wrapper.cfbundle; includeInIndex = 0; path = TwitterXUITests.xctest; sourceTree = BUILT_PRODUCTS_DIR; };
		4B69C2E325F39CC600BA0663 /* TwitterXUITests.swift */ = {isa = PBXFileReference; lastKnownFileType = sourcecode.swift; path = TwitterXUITests.swift; sourceTree = "<group>"; };
		4B69C2E525F39CC600BA0663 /* Info.plist */ = {isa = PBXFileReference; lastKnownFileType = text.plist.xml; path = Info.plist; sourceTree = "<group>"; };
		4B69C2FD25F39E7300BA0663 /* GoogleService-Info.plist */ = {isa = PBXFileReference; fileEncoding = 4; lastKnownFileType = text.plist.xml; path = "GoogleService-Info.plist"; sourceTree = "<group>"; };
		4B69C31425F3A35200BA0663 /* LoginViewModel.swift */ = {isa = PBXFileReference; lastKnownFileType = sourcecode.swift; path = LoginViewModel.swift; sourceTree = "<group>"; };
		4B69C32225F3C10300BA0663 /* LoginView.swift */ = {isa = PBXFileReference; lastKnownFileType = sourcecode.swift; path = LoginView.swift; sourceTree = "<group>"; };
		4B69C33E25F3C84F00BA0663 /* HomeTimelineView.swift */ = {isa = PBXFileReference; lastKnownFileType = sourcecode.swift; path = HomeTimelineView.swift; sourceTree = "<group>"; };
		4B69C36E25F3DBC400BA0663 /* en */ = {isa = PBXFileReference; lastKnownFileType = text.plist.strings; name = en; path = en.lproj/Localizable.strings; sourceTree = "<group>"; };
		4B69C37325F3DBCC00BA0663 /* ja */ = {isa = PBXFileReference; lastKnownFileType = text.plist.strings; name = ja; path = ja.lproj/Localizable.strings; sourceTree = "<group>"; };
		4B69C37A25F3DDB900BA0663 /* OAuth-Info.plist */ = {isa = PBXFileReference; lastKnownFileType = text.plist.xml; path = "OAuth-Info.plist"; sourceTree = "<group>"; };
		4B69C37F25F3E0B600BA0663 /* Api.swift */ = {isa = PBXFileReference; lastKnownFileType = sourcecode.swift; path = Api.swift; sourceTree = "<group>"; };
		4B69C38A25F3E24400BA0663 /* HTTPMethodType.swift */ = {isa = PBXFileReference; lastKnownFileType = sourcecode.swift; path = HTTPMethodType.swift; sourceTree = "<group>"; };
		4B69C38F25F3E25C00BA0663 /* OAuth.swift */ = {isa = PBXFileReference; lastKnownFileType = sourcecode.swift; path = OAuth.swift; sourceTree = "<group>"; };
		4B69C39825F3E29F00BA0663 /* PropertyUtils.swift */ = {isa = PBXFileReference; lastKnownFileType = sourcecode.swift; path = PropertyUtils.swift; sourceTree = "<group>"; };
		4B69C3A025F3E5D200BA0663 /* ApiError.swift */ = {isa = PBXFileReference; lastKnownFileType = sourcecode.swift; path = ApiError.swift; sourceTree = "<group>"; };
		4B69C3A525F3E5FD00BA0663 /* Endpoint.swift */ = {isa = PBXFileReference; lastKnownFileType = sourcecode.swift; path = Endpoint.swift; sourceTree = "<group>"; };
		4B69C3AA25F3E66100BA0663 /* HMAC.swift */ = {isa = PBXFileReference; fileEncoding = 4; lastKnownFileType = sourcecode.swift; path = HMAC.swift; sourceTree = "<group>"; };
		4B69C3AB25F3E66100BA0663 /* SHA1.swift */ = {isa = PBXFileReference; fileEncoding = 4; lastKnownFileType = sourcecode.swift; path = SHA1.swift; sourceTree = "<group>"; };
		4B69C3B125F3E68400BA0663 /* Extension_Data.swift */ = {isa = PBXFileReference; lastKnownFileType = sourcecode.swift; path = Extension_Data.swift; sourceTree = "<group>"; };
		4B69C3C325F3E76B00BA0663 /* Extension_Int.swift */ = {isa = PBXFileReference; lastKnownFileType = sourcecode.swift; path = Extension_Int.swift; sourceTree = "<group>"; };
		4B69C3C825F3E78800BA0663 /* Extension_Collection.swift */ = {isa = PBXFileReference; lastKnownFileType = sourcecode.swift; path = Extension_Collection.swift; sourceTree = "<group>"; };
		4B69C3CD25F3E87700BA0663 /* Utils.swift */ = {isa = PBXFileReference; lastKnownFileType = sourcecode.swift; path = Utils.swift; sourceTree = "<group>"; };
		4B69C3D825F3EF6C00BA0663 /* Extension_Dictionary.swift */ = {isa = PBXFileReference; lastKnownFileType = sourcecode.swift; path = Extension_Dictionary.swift; sourceTree = "<group>"; };
		4B69C3DD25F3EF9600BA0663 /* Extension_Date.swift */ = {isa = PBXFileReference; lastKnownFileType = sourcecode.swift; path = Extension_Date.swift; sourceTree = "<group>"; };
		4B69C3E225F3EFA500BA0663 /* Extension_String.swift */ = {isa = PBXFileReference; lastKnownFileType = sourcecode.swift; path = Extension_String.swift; sourceTree = "<group>"; };
		4B69C3E725F3F33400BA0663 /* Tweet.swift */ = {isa = PBXFileReference; fileEncoding = 4; lastKnownFileType = sourcecode.swift; path = Tweet.swift; sourceTree = "<group>"; };
		4B69C3EC25F3F6B800BA0663 /* Keychain.swift */ = {isa = PBXFileReference; lastKnownFileType = sourcecode.swift; path = Keychain.swift; sourceTree = "<group>"; };
		4B69C3F225F3F91300BA0663 /* KeychainConst.swift */ = {isa = PBXFileReference; lastKnownFileType = sourcecode.swift; path = KeychainConst.swift; sourceTree = "<group>"; };
		4B69C3FD25F4A09E00BA0663 /* HomeTimelineViewModel.swift */ = {isa = PBXFileReference; lastKnownFileType = sourcecode.swift; path = HomeTimelineViewModel.swift; sourceTree = "<group>"; };
		4B69C41225F4EE2F00BA0663 /* TweetUrl.swift */ = {isa = PBXFileReference; lastKnownFileType = sourcecode.swift; path = TweetUrl.swift; sourceTree = "<group>"; };
		4B69C41725F4EF8F00BA0663 /* TweetEntities.swift */ = {isa = PBXFileReference; lastKnownFileType = sourcecode.swift; path = TweetEntities.swift; sourceTree = "<group>"; };
		4B69C42025F521B600BA0663 /* MetadataCache.swift */ = {isa = PBXFileReference; lastKnownFileType = sourcecode.swift; path = MetadataCache.swift; sourceTree = "<group>"; };
/* End PBXFileReference section */

/* Begin PBXFrameworksBuildPhase section */
		4B69C2C025F39CC500BA0663 /* Frameworks */ = {
			isa = PBXFrameworksBuildPhase;
			buildActionMask = 2147483647;
			files = (
				4B69C30825F39FBE00BA0663 /* FirebaseCrashlytics in Frameworks */,
				4B69C30425F39FBE00BA0663 /* FirebaseAnalytics in Frameworks */,
				4B69C3D425F3EEC700BA0663 /* SwiftKeychainWrapper in Frameworks */,
				4B69C45825F536B000BA0663 /* SwiftLinkPreview in Frameworks */,
				4B69C30625F39FBE00BA0663 /* FirebaseAuth in Frameworks */,
			);
			runOnlyForDeploymentPostprocessing = 0;
		};
		4B69C2D125F39CC600BA0663 /* Frameworks */ = {
			isa = PBXFrameworksBuildPhase;
			buildActionMask = 2147483647;
			files = (
			);
			runOnlyForDeploymentPostprocessing = 0;
		};
		4B69C2DC25F39CC600BA0663 /* Frameworks */ = {
			isa = PBXFrameworksBuildPhase;
			buildActionMask = 2147483647;
			files = (
			);
			runOnlyForDeploymentPostprocessing = 0;
		};
/* End PBXFrameworksBuildPhase section */

/* Begin PBXGroup section */
		4B69C2BA25F39CC500BA0663 = {
			isa = PBXGroup;
			children = (
				4B69C2C525F39CC500BA0663 /* TwitterX */,
				4B69C2D725F39CC600BA0663 /* TwitterXTests */,
				4B69C2E225F39CC600BA0663 /* TwitterXUITests */,
				4B69C2C425F39CC500BA0663 /* Products */,
			);
			sourceTree = "<group>";
		};
		4B69C2C425F39CC500BA0663 /* Products */ = {
			isa = PBXGroup;
			children = (
				4B69C2C325F39CC500BA0663 /* TwitterX.app */,
				4B69C2D425F39CC600BA0663 /* TwitterXTests.xctest */,
				4B69C2DF25F39CC600BA0663 /* TwitterXUITests.xctest */,
			);
			name = Products;
			sourceTree = "<group>";
		};
		4B69C2C525F39CC500BA0663 /* TwitterX */ = {
			isa = PBXGroup;
			children = (
				4B69C3F125F3F90000BA0663 /* Keychain */,
				4B69C3B925F3E6C300BA0663 /* Extensions */,
				4B69C39725F3E28F00BA0663 /* Utils */,
				4B69C38425F3E10300BA0663 /* Properties */,
				4B69C35B25F3D98400BA0663 /* Resources */,
				4B69C31325F3A33800BA0663 /* Networking */,
				4B69C31225F3A2F200BA0663 /* Model */,
				4B69C31125F3A2EA00BA0663 /* ViewModel */,
				4B69C31025F3A2DE00BA0663 /* View */,
				4B69C2FD25F39E7300BA0663 /* GoogleService-Info.plist */,
				4B69C2C625F39CC500BA0663 /* TwitterXApp.swift */,
				4B69C2C825F39CC500BA0663 /* ContentView.swift */,
				4B69C2CF25F39CC600BA0663 /* Info.plist */,
				4B69C2CC25F39CC600BA0663 /* Preview Content */,
			);
			path = TwitterX;
			sourceTree = "<group>";
		};
		4B69C2CC25F39CC600BA0663 /* Preview Content */ = {
			isa = PBXGroup;
			children = (
				4B69C2CD25F39CC600BA0663 /* Preview Assets.xcassets */,
			);
			path = "Preview Content";
			sourceTree = "<group>";
		};
		4B69C2D725F39CC600BA0663 /* TwitterXTests */ = {
			isa = PBXGroup;
			children = (
				4B69C2D825F39CC600BA0663 /* TwitterXTests.swift */,
				4B69C2DA25F39CC600BA0663 /* Info.plist */,
			);
			path = TwitterXTests;
			sourceTree = "<group>";
		};
		4B69C2E225F39CC600BA0663 /* TwitterXUITests */ = {
			isa = PBXGroup;
			children = (
				4B69C2E325F39CC600BA0663 /* TwitterXUITests.swift */,
				4B69C2E525F39CC600BA0663 /* Info.plist */,
			);
			path = TwitterXUITests;
			sourceTree = "<group>";
		};
		4B69C31025F3A2DE00BA0663 /* View */ = {
			isa = PBXGroup;
			children = (
				4B69C32225F3C10300BA0663 /* LoginView.swift */,
				4B69C33E25F3C84F00BA0663 /* HomeTimelineView.swift */,
			);
			path = View;
			sourceTree = "<group>";
		};
		4B69C31125F3A2EA00BA0663 /* ViewModel */ = {
			isa = PBXGroup;
			children = (
				4B69C31425F3A35200BA0663 /* LoginViewModel.swift */,
				4B69C3FD25F4A09E00BA0663 /* HomeTimelineViewModel.swift */,
			);
			path = ViewModel;
			sourceTree = "<group>";
		};
		4B69C31225F3A2F200BA0663 /* Model */ = {
			isa = PBXGroup;
			children = (
				4B69C3E725F3F33400BA0663 /* Tweet.swift */,
				4B69C41225F4EE2F00BA0663 /* TweetUrl.swift */,
				4B69C41725F4EF8F00BA0663 /* TweetEntities.swift */,
			);
			path = Model;
			sourceTree = "<group>";
		};
		4B69C31325F3A33800BA0663 /* Networking */ = {
			isa = PBXGroup;
			children = (
				4B69C3AA25F3E66100BA0663 /* HMAC.swift */,
				4B69C3AB25F3E66100BA0663 /* SHA1.swift */,
				4B69C37F25F3E0B600BA0663 /* Api.swift */,
				4B69C38A25F3E24400BA0663 /* HTTPMethodType.swift */,
				4B69C38F25F3E25C00BA0663 /* OAuth.swift */,
				4B69C3A025F3E5D200BA0663 /* ApiError.swift */,
				4B69C3A525F3E5FD00BA0663 /* Endpoint.swift */,
			);
			path = Networking;
			sourceTree = "<group>";
		};
		4B69C35B25F3D98400BA0663 /* Resources */ = {
			isa = PBXGroup;
			children = (
				4B69C36F25F3DBC400BA0663 /* Localizable.strings */,
				4B69C2CA25F39CC600BA0663 /* Assets.xcassets */,
			);
			path = Resources;
			sourceTree = "<group>";
		};
		4B69C38425F3E10300BA0663 /* Properties */ = {
			isa = PBXGroup;
			children = (
				4B69C37A25F3DDB900BA0663 /* OAuth-Info.plist */,
			);
			path = Properties;
			sourceTree = "<group>";
		};
		4B69C39725F3E28F00BA0663 /* Utils */ = {
			isa = PBXGroup;
			children = (
				4B69C39825F3E29F00BA0663 /* PropertyUtils.swift */,
				4B69C3CD25F3E87700BA0663 /* Utils.swift */,
				4B69C42025F521B600BA0663 /* MetadataCache.swift */,
			);
			path = Utils;
			sourceTree = "<group>";
		};
		4B69C3B925F3E6C300BA0663 /* Extensions */ = {
			isa = PBXGroup;
			children = (
				4B69C3B125F3E68400BA0663 /* Extension_Data.swift */,
				4B69C3C325F3E76B00BA0663 /* Extension_Int.swift */,
				4B69C3C825F3E78800BA0663 /* Extension_Collection.swift */,
				4B69C3D825F3EF6C00BA0663 /* Extension_Dictionary.swift */,
				4B69C3DD25F3EF9600BA0663 /* Extension_Date.swift */,
				4B69C3E225F3EFA500BA0663 /* Extension_String.swift */,
			);
			path = Extensions;
			sourceTree = "<group>";
		};
		4B69C3F125F3F90000BA0663 /* Keychain */ = {
			isa = PBXGroup;
			children = (
				4B69C3EC25F3F6B800BA0663 /* Keychain.swift */,
				4B69C3F225F3F91300BA0663 /* KeychainConst.swift */,
			);
			path = Keychain;
			sourceTree = "<group>";
		};
/* End PBXGroup section */

/* Begin PBXNativeTarget section */
		4B69C2C225F39CC500BA0663 /* TwitterX */ = {
			isa = PBXNativeTarget;
			buildConfigurationList = 4B69C2E825F39CC600BA0663 /* Build configuration list for PBXNativeTarget "TwitterX" */;
			buildPhases = (
				4B69C2BF25F39CC500BA0663 /* Sources */,
				4B69C2C025F39CC500BA0663 /* Frameworks */,
				4B69C2C125F39CC500BA0663 /* Resources */,
			);
			buildRules = (
			);
			dependencies = (
			);
			name = TwitterX;
			packageProductDependencies = (
				4B69C30325F39FBE00BA0663 /* FirebaseAnalytics */,
				4B69C30525F39FBE00BA0663 /* FirebaseAuth */,
				4B69C30725F39FBE00BA0663 /* FirebaseCrashlytics */,
				4B69C3D325F3EEC700BA0663 /* SwiftKeychainWrapper */,
				4B69C45725F536B000BA0663 /* SwiftLinkPreview */,
			);
			productName = TwitterX;
			productReference = 4B69C2C325F39CC500BA0663 /* TwitterX.app */;
			productType = "com.apple.product-type.application";
		};
		4B69C2D325F39CC600BA0663 /* TwitterXTests */ = {
			isa = PBXNativeTarget;
			buildConfigurationList = 4B69C2EB25F39CC600BA0663 /* Build configuration list for PBXNativeTarget "TwitterXTests" */;
			buildPhases = (
				4B69C2D025F39CC600BA0663 /* Sources */,
				4B69C2D125F39CC600BA0663 /* Frameworks */,
				4B69C2D225F39CC600BA0663 /* Resources */,
			);
			buildRules = (
			);
			dependencies = (
				4B69C2D625F39CC600BA0663 /* PBXTargetDependency */,
			);
			name = TwitterXTests;
			productName = TwitterXTests;
			productReference = 4B69C2D425F39CC600BA0663 /* TwitterXTests.xctest */;
			productType = "com.apple.product-type.bundle.unit-test";
		};
		4B69C2DE25F39CC600BA0663 /* TwitterXUITests */ = {
			isa = PBXNativeTarget;
			buildConfigurationList = 4B69C2EE25F39CC600BA0663 /* Build configuration list for PBXNativeTarget "TwitterXUITests" */;
			buildPhases = (
				4B69C2DB25F39CC600BA0663 /* Sources */,
				4B69C2DC25F39CC600BA0663 /* Frameworks */,
				4B69C2DD25F39CC600BA0663 /* Resources */,
			);
			buildRules = (
			);
			dependencies = (
				4B69C2E125F39CC600BA0663 /* PBXTargetDependency */,
			);
			name = TwitterXUITests;
			productName = TwitterXUITests;
			productReference = 4B69C2DF25F39CC600BA0663 /* TwitterXUITests.xctest */;
			productType = "com.apple.product-type.bundle.ui-testing";
		};
/* End PBXNativeTarget section */

/* Begin PBXProject section */
		4B69C2BB25F39CC500BA0663 /* Project object */ = {
			isa = PBXProject;
			attributes = {
				LastSwiftUpdateCheck = 1240;
				LastUpgradeCheck = 1240;
				TargetAttributes = {
					4B69C2C225F39CC500BA0663 = {
						CreatedOnToolsVersion = 12.4;
					};
					4B69C2D325F39CC600BA0663 = {
						CreatedOnToolsVersion = 12.4;
						TestTargetID = 4B69C2C225F39CC500BA0663;
					};
					4B69C2DE25F39CC600BA0663 = {
						CreatedOnToolsVersion = 12.4;
						TestTargetID = 4B69C2C225F39CC500BA0663;
					};
				};
			};
			buildConfigurationList = 4B69C2BE25F39CC500BA0663 /* Build configuration list for PBXProject "TwitterX" */;
			compatibilityVersion = "Xcode 9.3";
			developmentRegion = en;
			hasScannedForEncodings = 0;
			knownRegions = (
				en,
				ja,
				Base,
			);
			mainGroup = 4B69C2BA25F39CC500BA0663;
			packageReferences = (
				4B69C30225F39FBE00BA0663 /* XCRemoteSwiftPackageReference "firebase-ios-sdk" */,
				4B69C3D225F3EEC600BA0663 /* XCRemoteSwiftPackageReference "SwiftKeychainWrapper" */,
				4B69C45625F536B000BA0663 /* XCRemoteSwiftPackageReference "SwiftLinkPreview" */,
			);
			productRefGroup = 4B69C2C425F39CC500BA0663 /* Products */;
			projectDirPath = "";
			projectRoot = "";
			targets = (
				4B69C2C225F39CC500BA0663 /* TwitterX */,
				4B69C2D325F39CC600BA0663 /* TwitterXTests */,
				4B69C2DE25F39CC600BA0663 /* TwitterXUITests */,
			);
		};
/* End PBXProject section */

/* Begin PBXResourcesBuildPhase section */
		4B69C2C125F39CC500BA0663 /* Resources */ = {
			isa = PBXResourcesBuildPhase;
			buildActionMask = 2147483647;
			files = (
				4B69C2CE25F39CC600BA0663 /* Preview Assets.xcassets in Resources */,
				4B69C36D25F3DBC400BA0663 /* Localizable.strings in Resources */,
				4B69C37B25F3DDB900BA0663 /* OAuth-Info.plist in Resources */,
				4B69C2CB25F39CC600BA0663 /* Assets.xcassets in Resources */,
				4B69C2FE25F39E7300BA0663 /* GoogleService-Info.plist in Resources */,
			);
			runOnlyForDeploymentPostprocessing = 0;
		};
		4B69C2D225F39CC600BA0663 /* Resources */ = {
			isa = PBXResourcesBuildPhase;
			buildActionMask = 2147483647;
			files = (
			);
			runOnlyForDeploymentPostprocessing = 0;
		};
		4B69C2DD25F39CC600BA0663 /* Resources */ = {
			isa = PBXResourcesBuildPhase;
			buildActionMask = 2147483647;
			files = (
			);
			runOnlyForDeploymentPostprocessing = 0;
		};
/* End PBXResourcesBuildPhase section */

/* Begin PBXSourcesBuildPhase section */
		4B69C2BF25F39CC500BA0663 /* Sources */ = {
			isa = PBXSourcesBuildPhase;
			buildActionMask = 2147483647;
			files = (
				4B69C39025F3E25C00BA0663 /* OAuth.swift in Sources */,
				4B69C38025F3E0B600BA0663 /* Api.swift in Sources */,
				4B69C3AC25F3E66100BA0663 /* HMAC.swift in Sources */,
				4B69C3E825F3F33400BA0663 /* Tweet.swift in Sources */,
				4B69C38B25F3E24400BA0663 /* HTTPMethodType.swift in Sources */,
				4B69C3ED25F3F6B800BA0663 /* Keychain.swift in Sources */,
				4B69C3F325F3F91300BA0663 /* KeychainConst.swift in Sources */,
				4B69C3E325F3EFA500BA0663 /* Extension_String.swift in Sources */,
				4B69C3DE25F3EF9600BA0663 /* Extension_Date.swift in Sources */,
				4B69C2C925F39CC500BA0663 /* ContentView.swift in Sources */,
				4B69C3C425F3E76B00BA0663 /* Extension_Int.swift in Sources */,
				4B69C2C725F39CC500BA0663 /* TwitterXApp.swift in Sources */,
				4B69C32325F3C10300BA0663 /* LoginView.swift in Sources */,
				4B69C3FE25F4A09E00BA0663 /* HomeTimelineViewModel.swift in Sources */,
				4B69C33F25F3C84F00BA0663 /* HomeTimelineView.swift in Sources */,
				4B69C3CE25F3E87700BA0663 /* Utils.swift in Sources */,
				4B69C31525F3A35200BA0663 /* LoginViewModel.swift in Sources */,
				4B69C3AD25F3E66100BA0663 /* SHA1.swift in Sources */,
				4B69C41825F4EF8F00BA0663 /* TweetEntities.swift in Sources */,
				4B69C3A125F3E5D200BA0663 /* ApiError.swift in Sources */,
				4B69C3D925F3EF6D00BA0663 /* Extension_Dictionary.swift in Sources */,
				4B69C3A625F3E5FD00BA0663 /* Endpoint.swift in Sources */,
				4B69C3C925F3E78800BA0663 /* Extension_Collection.swift in Sources */,
				4B69C39925F3E29F00BA0663 /* PropertyUtils.swift in Sources */,
				4B69C3B225F3E68400BA0663 /* Extension_Data.swift in Sources */,
				4B69C42125F521B600BA0663 /* MetadataCache.swift in Sources */,
				4B69C41325F4EE2F00BA0663 /* TweetUrl.swift in Sources */,
			);
			runOnlyForDeploymentPostprocessing = 0;
		};
		4B69C2D025F39CC600BA0663 /* Sources */ = {
			isa = PBXSourcesBuildPhase;
			buildActionMask = 2147483647;
			files = (
				4B69C2D925F39CC600BA0663 /* TwitterXTests.swift in Sources */,
			);
			runOnlyForDeploymentPostprocessing = 0;
		};
		4B69C2DB25F39CC600BA0663 /* Sources */ = {
			isa = PBXSourcesBuildPhase;
			buildActionMask = 2147483647;
			files = (
				4B69C2E425F39CC600BA0663 /* TwitterXUITests.swift in Sources */,
			);
			runOnlyForDeploymentPostprocessing = 0;
		};
/* End PBXSourcesBuildPhase section */

/* Begin PBXTargetDependency section */
		4B69C2D625F39CC600BA0663 /* PBXTargetDependency */ = {
			isa = PBXTargetDependency;
			target = 4B69C2C225F39CC500BA0663 /* TwitterX */;
			targetProxy = 4B69C2D525F39CC600BA0663 /* PBXContainerItemProxy */;
		};
		4B69C2E125F39CC600BA0663 /* PBXTargetDependency */ = {
			isa = PBXTargetDependency;
			target = 4B69C2C225F39CC500BA0663 /* TwitterX */;
			targetProxy = 4B69C2E025F39CC600BA0663 /* PBXContainerItemProxy */;
		};
/* End PBXTargetDependency section */

/* Begin PBXVariantGroup section */
		4B69C36F25F3DBC400BA0663 /* Localizable.strings */ = {
			isa = PBXVariantGroup;
			children = (
				4B69C36E25F3DBC400BA0663 /* en */,
				4B69C37325F3DBCC00BA0663 /* ja */,
			);
			name = Localizable.strings;
			sourceTree = "<group>";
		};
/* End PBXVariantGroup section */

/* Begin XCBuildConfiguration section */
		4B69C2E625F39CC600BA0663 /* Debug */ = {
			isa = XCBuildConfiguration;
			buildSettings = {
				ALWAYS_SEARCH_USER_PATHS = NO;
				CLANG_ANALYZER_NONNULL = YES;
				CLANG_ANALYZER_NUMBER_OBJECT_CONVERSION = YES_AGGRESSIVE;
				CLANG_CXX_LANGUAGE_STANDARD = "gnu++14";
				CLANG_CXX_LIBRARY = "libc++";
				CLANG_ENABLE_MODULES = YES;
				CLANG_ENABLE_OBJC_ARC = YES;
				CLANG_ENABLE_OBJC_WEAK = YES;
				CLANG_WARN_BLOCK_CAPTURE_AUTORELEASING = YES;
				CLANG_WARN_BOOL_CONVERSION = YES;
				CLANG_WARN_COMMA = YES;
				CLANG_WARN_CONSTANT_CONVERSION = YES;
				CLANG_WARN_DEPRECATED_OBJC_IMPLEMENTATIONS = YES;
				CLANG_WARN_DIRECT_OBJC_ISA_USAGE = YES_ERROR;
				CLANG_WARN_DOCUMENTATION_COMMENTS = YES;
				CLANG_WARN_EMPTY_BODY = YES;
				CLANG_WARN_ENUM_CONVERSION = YES;
				CLANG_WARN_INFINITE_RECURSION = YES;
				CLANG_WARN_INT_CONVERSION = YES;
				CLANG_WARN_NON_LITERAL_NULL_CONVERSION = YES;
				CLANG_WARN_OBJC_IMPLICIT_RETAIN_SELF = YES;
				CLANG_WARN_OBJC_LITERAL_CONVERSION = YES;
				CLANG_WARN_OBJC_ROOT_CLASS = YES_ERROR;
				CLANG_WARN_QUOTED_INCLUDE_IN_FRAMEWORK_HEADER = YES;
				CLANG_WARN_RANGE_LOOP_ANALYSIS = YES;
				CLANG_WARN_STRICT_PROTOTYPES = YES;
				CLANG_WARN_SUSPICIOUS_MOVE = YES;
				CLANG_WARN_UNGUARDED_AVAILABILITY = YES_AGGRESSIVE;
				CLANG_WARN_UNREACHABLE_CODE = YES;
				CLANG_WARN__DUPLICATE_METHOD_MATCH = YES;
				COPY_PHASE_STRIP = NO;
				DEBUG_INFORMATION_FORMAT = dwarf;
				ENABLE_STRICT_OBJC_MSGSEND = YES;
				ENABLE_TESTABILITY = YES;
				GCC_C_LANGUAGE_STANDARD = gnu11;
				GCC_DYNAMIC_NO_PIC = NO;
				GCC_NO_COMMON_BLOCKS = YES;
				GCC_OPTIMIZATION_LEVEL = 0;
				GCC_PREPROCESSOR_DEFINITIONS = (
					"DEBUG=1",
					"$(inherited)",
				);
				GCC_WARN_64_TO_32_BIT_CONVERSION = YES;
				GCC_WARN_ABOUT_RETURN_TYPE = YES_ERROR;
				GCC_WARN_UNDECLARED_SELECTOR = YES;
				GCC_WARN_UNINITIALIZED_AUTOS = YES_AGGRESSIVE;
				GCC_WARN_UNUSED_FUNCTION = YES;
				GCC_WARN_UNUSED_VARIABLE = YES;
				IPHONEOS_DEPLOYMENT_TARGET = 14.4;
				MTL_ENABLE_DEBUG_INFO = INCLUDE_SOURCE;
				MTL_FAST_MATH = YES;
				ONLY_ACTIVE_ARCH = YES;
				SDKROOT = iphoneos;
				SWIFT_ACTIVE_COMPILATION_CONDITIONS = DEBUG;
				SWIFT_OPTIMIZATION_LEVEL = "-Onone";
			};
			name = Debug;
		};
		4B69C2E725F39CC600BA0663 /* Release */ = {
			isa = XCBuildConfiguration;
			buildSettings = {
				ALWAYS_SEARCH_USER_PATHS = NO;
				CLANG_ANALYZER_NONNULL = YES;
				CLANG_ANALYZER_NUMBER_OBJECT_CONVERSION = YES_AGGRESSIVE;
				CLANG_CXX_LANGUAGE_STANDARD = "gnu++14";
				CLANG_CXX_LIBRARY = "libc++";
				CLANG_ENABLE_MODULES = YES;
				CLANG_ENABLE_OBJC_ARC = YES;
				CLANG_ENABLE_OBJC_WEAK = YES;
				CLANG_WARN_BLOCK_CAPTURE_AUTORELEASING = YES;
				CLANG_WARN_BOOL_CONVERSION = YES;
				CLANG_WARN_COMMA = YES;
				CLANG_WARN_CONSTANT_CONVERSION = YES;
				CLANG_WARN_DEPRECATED_OBJC_IMPLEMENTATIONS = YES;
				CLANG_WARN_DIRECT_OBJC_ISA_USAGE = YES_ERROR;
				CLANG_WARN_DOCUMENTATION_COMMENTS = YES;
				CLANG_WARN_EMPTY_BODY = YES;
				CLANG_WARN_ENUM_CONVERSION = YES;
				CLANG_WARN_INFINITE_RECURSION = YES;
				CLANG_WARN_INT_CONVERSION = YES;
				CLANG_WARN_NON_LITERAL_NULL_CONVERSION = YES;
				CLANG_WARN_OBJC_IMPLICIT_RETAIN_SELF = YES;
				CLANG_WARN_OBJC_LITERAL_CONVERSION = YES;
				CLANG_WARN_OBJC_ROOT_CLASS = YES_ERROR;
				CLANG_WARN_QUOTED_INCLUDE_IN_FRAMEWORK_HEADER = YES;
				CLANG_WARN_RANGE_LOOP_ANALYSIS = YES;
				CLANG_WARN_STRICT_PROTOTYPES = YES;
				CLANG_WARN_SUSPICIOUS_MOVE = YES;
				CLANG_WARN_UNGUARDED_AVAILABILITY = YES_AGGRESSIVE;
				CLANG_WARN_UNREACHABLE_CODE = YES;
				CLANG_WARN__DUPLICATE_METHOD_MATCH = YES;
				COPY_PHASE_STRIP = NO;
				DEBUG_INFORMATION_FORMAT = "dwarf-with-dsym";
				ENABLE_NS_ASSERTIONS = NO;
				ENABLE_STRICT_OBJC_MSGSEND = YES;
				GCC_C_LANGUAGE_STANDARD = gnu11;
				GCC_NO_COMMON_BLOCKS = YES;
				GCC_WARN_64_TO_32_BIT_CONVERSION = YES;
				GCC_WARN_ABOUT_RETURN_TYPE = YES_ERROR;
				GCC_WARN_UNDECLARED_SELECTOR = YES;
				GCC_WARN_UNINITIALIZED_AUTOS = YES_AGGRESSIVE;
				GCC_WARN_UNUSED_FUNCTION = YES;
				GCC_WARN_UNUSED_VARIABLE = YES;
				IPHONEOS_DEPLOYMENT_TARGET = 14.4;
				MTL_ENABLE_DEBUG_INFO = NO;
				MTL_FAST_MATH = YES;
				SDKROOT = iphoneos;
				SWIFT_COMPILATION_MODE = wholemodule;
				SWIFT_OPTIMIZATION_LEVEL = "-O";
				VALIDATE_PRODUCT = YES;
			};
			name = Release;
		};
		4B69C2E925F39CC600BA0663 /* Debug */ = {
			isa = XCBuildConfiguration;
			buildSettings = {
				ASSETCATALOG_COMPILER_APPICON_NAME = AppIcon;
				ASSETCATALOG_COMPILER_GLOBAL_ACCENT_COLOR_NAME = AccentColor;
				CODE_SIGN_STYLE = Automatic;
				DEVELOPMENT_ASSET_PATHS = "\"TwitterX/Preview Content\"";
				DEVELOPMENT_TEAM = 6Q6573TH26;
				ENABLE_PREVIEWS = YES;
				INFOPLIST_FILE = TwitterX/Info.plist;
				IPHONEOS_DEPLOYMENT_TARGET = 14.0;
				LD_RUNPATH_SEARCH_PATHS = (
					"$(inherited)",
					"@executable_path/Frameworks",
				);
				PRODUCT_BUNDLE_IDENTIFIER = com.piyushkant.twitterx;
				PRODUCT_NAME = "$(TARGET_NAME)";
				SWIFT_VERSION = 5.0;
				TARGETED_DEVICE_FAMILY = "1,2";
			};
			name = Debug;
		};
		4B69C2EA25F39CC600BA0663 /* Release */ = {
			isa = XCBuildConfiguration;
			buildSettings = {
				ASSETCATALOG_COMPILER_APPICON_NAME = AppIcon;
				ASSETCATALOG_COMPILER_GLOBAL_ACCENT_COLOR_NAME = AccentColor;
				CODE_SIGN_STYLE = Automatic;
				DEVELOPMENT_ASSET_PATHS = "\"TwitterX/Preview Content\"";
				DEVELOPMENT_TEAM = 6Q6573TH26;
				ENABLE_PREVIEWS = YES;
				INFOPLIST_FILE = TwitterX/Info.plist;
				IPHONEOS_DEPLOYMENT_TARGET = 14.0;
				LD_RUNPATH_SEARCH_PATHS = (
					"$(inherited)",
					"@executable_path/Frameworks",
				);
				PRODUCT_BUNDLE_IDENTIFIER = com.piyushkant.twitterx;
				PRODUCT_NAME = "$(TARGET_NAME)";
				SWIFT_VERSION = 5.0;
				TARGETED_DEVICE_FAMILY = "1,2";
			};
			name = Release;
		};
		4B69C2EC25F39CC600BA0663 /* Debug */ = {
			isa = XCBuildConfiguration;
			buildSettings = {
				ALWAYS_EMBED_SWIFT_STANDARD_LIBRARIES = YES;
				BUNDLE_LOADER = "$(TEST_HOST)";
				CODE_SIGN_STYLE = Automatic;
				DEVELOPMENT_TEAM = 6Q6573TH26;
				INFOPLIST_FILE = TwitterXTests/Info.plist;
				IPHONEOS_DEPLOYMENT_TARGET = 14.0;
				LD_RUNPATH_SEARCH_PATHS = (
					"$(inherited)",
					"@executable_path/Frameworks",
					"@loader_path/Frameworks",
				);
				PRODUCT_BUNDLE_IDENTIFIER = com.piyushkant.TwitterXTests;
				PRODUCT_NAME = "$(TARGET_NAME)";
				SWIFT_VERSION = 5.0;
				TARGETED_DEVICE_FAMILY = "1,2";
				TEST_HOST = "$(BUILT_PRODUCTS_DIR)/TwitterX.app/TwitterX";
			};
			name = Debug;
		};
		4B69C2ED25F39CC600BA0663 /* Release */ = {
			isa = XCBuildConfiguration;
			buildSettings = {
				ALWAYS_EMBED_SWIFT_STANDARD_LIBRARIES = YES;
				BUNDLE_LOADER = "$(TEST_HOST)";
				CODE_SIGN_STYLE = Automatic;
				DEVELOPMENT_TEAM = 6Q6573TH26;
				INFOPLIST_FILE = TwitterXTests/Info.plist;
				IPHONEOS_DEPLOYMENT_TARGET = 14.0;
				LD_RUNPATH_SEARCH_PATHS = (
					"$(inherited)",
					"@executable_path/Frameworks",
					"@loader_path/Frameworks",
				);
				PRODUCT_BUNDLE_IDENTIFIER = com.piyushkant.TwitterXTests;
				PRODUCT_NAME = "$(TARGET_NAME)";
				SWIFT_VERSION = 5.0;
				TARGETED_DEVICE_FAMILY = "1,2";
				TEST_HOST = "$(BUILT_PRODUCTS_DIR)/TwitterX.app/TwitterX";
			};
			name = Release;
		};
		4B69C2EF25F39CC600BA0663 /* Debug */ = {
			isa = XCBuildConfiguration;
			buildSettings = {
				ALWAYS_EMBED_SWIFT_STANDARD_LIBRARIES = YES;
				CODE_SIGN_STYLE = Automatic;
				DEVELOPMENT_TEAM = 6Q6573TH26;
				INFOPLIST_FILE = TwitterXUITests/Info.plist;
				LD_RUNPATH_SEARCH_PATHS = (
					"$(inherited)",
					"@executable_path/Frameworks",
					"@loader_path/Frameworks",
				);
				PRODUCT_BUNDLE_IDENTIFIER = com.piyushkant.TwitterXUITests;
				PRODUCT_NAME = "$(TARGET_NAME)";
				SWIFT_VERSION = 5.0;
				TARGETED_DEVICE_FAMILY = "1,2";
				TEST_TARGET_NAME = TwitterX;
			};
			name = Debug;
		};
		4B69C2F025F39CC600BA0663 /* Release */ = {
			isa = XCBuildConfiguration;
			buildSettings = {
				ALWAYS_EMBED_SWIFT_STANDARD_LIBRARIES = YES;
				CODE_SIGN_STYLE = Automatic;
				DEVELOPMENT_TEAM = 6Q6573TH26;
				INFOPLIST_FILE = TwitterXUITests/Info.plist;
				LD_RUNPATH_SEARCH_PATHS = (
					"$(inherited)",
					"@executable_path/Frameworks",
					"@loader_path/Frameworks",
				);
				PRODUCT_BUNDLE_IDENTIFIER = com.piyushkant.TwitterXUITests;
				PRODUCT_NAME = "$(TARGET_NAME)";
				SWIFT_VERSION = 5.0;
				TARGETED_DEVICE_FAMILY = "1,2";
				TEST_TARGET_NAME = TwitterX;
			};
			name = Release;
		};
/* End XCBuildConfiguration section */

/* Begin XCConfigurationList section */
		4B69C2BE25F39CC500BA0663 /* Build configuration list for PBXProject "TwitterX" */ = {
			isa = XCConfigurationList;
			buildConfigurations = (
				4B69C2E625F39CC600BA0663 /* Debug */,
				4B69C2E725F39CC600BA0663 /* Release */,
			);
			defaultConfigurationIsVisible = 0;
			defaultConfigurationName = Release;
		};
		4B69C2E825F39CC600BA0663 /* Build configuration list for PBXNativeTarget "TwitterX" */ = {
			isa = XCConfigurationList;
			buildConfigurations = (
				4B69C2E925F39CC600BA0663 /* Debug */,
				4B69C2EA25F39CC600BA0663 /* Release */,
			);
			defaultConfigurationIsVisible = 0;
			defaultConfigurationName = Release;
		};
		4B69C2EB25F39CC600BA0663 /* Build configuration list for PBXNativeTarget "TwitterXTests" */ = {
			isa = XCConfigurationList;
			buildConfigurations = (
				4B69C2EC25F39CC600BA0663 /* Debug */,
				4B69C2ED25F39CC600BA0663 /* Release */,
			);
			defaultConfigurationIsVisible = 0;
			defaultConfigurationName = Release;
		};
		4B69C2EE25F39CC600BA0663 /* Build configuration list for PBXNativeTarget "TwitterXUITests" */ = {
			isa = XCConfigurationList;
			buildConfigurations = (
				4B69C2EF25F39CC600BA0663 /* Debug */,
				4B69C2F025F39CC600BA0663 /* Release */,
			);
			defaultConfigurationIsVisible = 0;
			defaultConfigurationName = Release;
		};
/* End XCConfigurationList section */

/* Begin XCRemoteSwiftPackageReference section */
		4B69C30225F39FBE00BA0663 /* XCRemoteSwiftPackageReference "firebase-ios-sdk" */ = {
			isa = XCRemoteSwiftPackageReference;
			repositoryURL = "https://github.com/firebase/firebase-ios-sdk.git";
			requirement = {
				kind = upToNextMajorVersion;
				minimumVersion = 7.7.0;
			};
		};
		4B69C3D225F3EEC600BA0663 /* XCRemoteSwiftPackageReference "SwiftKeychainWrapper" */ = {
			isa = XCRemoteSwiftPackageReference;
			repositoryURL = "https://github.com/jrendel/SwiftKeychainWrapper";
			requirement = {
				kind = upToNextMajorVersion;
				minimumVersion = 4.0.1;
			};
		};
		4B69C45625F536B000BA0663 /* XCRemoteSwiftPackageReference "SwiftLinkPreview" */ = {
			isa = XCRemoteSwiftPackageReference;
			repositoryURL = "https://github.com/LeonardoCardoso/SwiftLinkPreview";
			requirement = {
				kind = upToNextMajorVersion;
				minimumVersion = 3.3.0;
			};
		};
/* End XCRemoteSwiftPackageReference section */

/* Begin XCSwiftPackageProductDependency section */
		4B69C30325F39FBE00BA0663 /* FirebaseAnalytics */ = {
			isa = XCSwiftPackageProductDependency;
			package = 4B69C30225F39FBE00BA0663 /* XCRemoteSwiftPackageReference "firebase-ios-sdk" */;
			productName = FirebaseAnalytics;
		};
		4B69C30525F39FBE00BA0663 /* FirebaseAuth */ = {
			isa = XCSwiftPackageProductDependency;
			package = 4B69C30225F39FBE00BA0663 /* XCRemoteSwiftPackageReference "firebase-ios-sdk" */;
			productName = FirebaseAuth;
		};
		4B69C30725F39FBE00BA0663 /* FirebaseCrashlytics */ = {
			isa = XCSwiftPackageProductDependency;
			package = 4B69C30225F39FBE00BA0663 /* XCRemoteSwiftPackageReference "firebase-ios-sdk" */;
			productName = FirebaseCrashlytics;
		};
		4B69C3D325F3EEC700BA0663 /* SwiftKeychainWrapper */ = {
			isa = XCSwiftPackageProductDependency;
			package = 4B69C3D225F3EEC600BA0663 /* XCRemoteSwiftPackageReference "SwiftKeychainWrapper" */;
			productName = SwiftKeychainWrapper;
		};
		4B69C45725F536B000BA0663 /* SwiftLinkPreview */ = {
			isa = XCSwiftPackageProductDependency;
			package = 4B69C45625F536B000BA0663 /* XCRemoteSwiftPackageReference "SwiftLinkPreview" */;
			productName = SwiftLinkPreview;
		};
/* End XCSwiftPackageProductDependency section */
	};
	rootObject = 4B69C2BB25F39CC500BA0663 /* Project object */;
}
