// !$*UTF8*$!
{
	archiveVersion = 1;
	classes = {
	};
	objectVersion = 52;
	objects = {

/* Begin PBXBuildFile section */
		4B0CBDA425FC69F700615DDF /* TweetExtendedEntities.swift in Sources */ = {isa = PBXBuildFile; fileRef = 4B0CBDA325FC69F700615DDF /* TweetExtendedEntities.swift */; };
		4B0CBDAE25FC702500615DDF /* UserTweetData.swift in Sources */ = {isa = PBXBuildFile; fileRef = 4B0CBDAD25FC702500615DDF /* UserTweetData.swift */; };
		4B0CBDD625FDAF6B00615DDF /* SwiftyGif in Frameworks */ = {isa = PBXBuildFile; productRef = 4B0CBDD525FDAF6B00615DDF /* SwiftyGif */; };
		4B0CBDE725FDD43400615DDF /* giphy.gif in Resources */ = {isa = PBXBuildFile; fileRef = 4B0CBDE625FDD43400615DDF /* giphy.gif */; };
		4B0CBDF225FDE33500615DDF /* Extension_UIImage.swift in Sources */ = {isa = PBXBuildFile; fileRef = 4B0CBDF125FDE33500615DDF /* Extension_UIImage.swift */; };
		4B2AB26525FAEEAA005A13C7 /* User.swift in Sources */ = {isa = PBXBuildFile; fileRef = 4B2AB26425FAEEAA005A13C7 /* User.swift */; };
		4B2AB26A25FAF174005A13C7 /* UserProfileImageData.swift in Sources */ = {isa = PBXBuildFile; fileRef = 4B2AB26925FAF174005A13C7 /* UserProfileImageData.swift */; };
		4B3B800B2601B97F009E0F98 /* ImageGridView+ImageTabView.swift in Sources */ = {isa = PBXBuildFile; fileRef = 4B3B800A2601B97F009E0F98 /* ImageGridView+ImageTabView.swift */; };
		4B3B80132601BA20009E0F98 /* LinkView.swift in Sources */ = {isa = PBXBuildFile; fileRef = 4B3B80122601BA20009E0F98 /* LinkView.swift */; };
		4B3B80182601BA7F009E0F98 /* UserInfoView+PostTimeView.swift in Sources */ = {isa = PBXBuildFile; fileRef = 4B3B80172601BA7F009E0F98 /* UserInfoView+PostTimeView.swift */; };
		4B3B80222601BB73009E0F98 /* HomeCellView.swift in Sources */ = {isa = PBXBuildFile; fileRef = 4B3B80212601BB73009E0F98 /* HomeCellView.swift */; };
		4B3B80332601BD37009E0F98 /* HyperlinkTextView.swift in Sources */ = {isa = PBXBuildFile; fileRef = 4B3B80322601BD37009E0F98 /* HyperlinkTextView.swift */; };
		4B41573A26024A5F00FDE2CB /* GiphyUISDK in Frameworks */ = {isa = PBXBuildFile; productRef = 4B41573926024A5F00FDE2CB /* GiphyUISDK */; };
		4B41574026024D9400FDE2CB /* SDWebImageSwiftUI in Frameworks */ = {isa = PBXBuildFile; productRef = 4B41573F26024D9400FDE2CB /* SDWebImageSwiftUI */; };
		4B46DC972622CA840015F0C5 /* UserModelTests.swift in Sources */ = {isa = PBXBuildFile; fileRef = 4B46DC962622CA840015F0C5 /* UserModelTests.swift */; };
		4B46DC9F2622CD600015F0C5 /* user.json in Resources */ = {isa = PBXBuildFile; fileRef = 4B46DC9E2622CD600015F0C5 /* user.json */; };
		4B46DCB92622ECA50015F0C5 /* TweetModelTests.swift in Sources */ = {isa = PBXBuildFile; fileRef = 4B46DCB82622ECA50015F0C5 /* TweetModelTests.swift */; };
		4B46DCBF2622F0640015F0C5 /* tweet.json in Resources */ = {isa = PBXBuildFile; fileRef = 4B46DCBE2622F0640015F0C5 /* tweet.json */; };
		4B46DCC52622F6270015F0C5 /* TextTypeTweetModelTests.swift in Sources */ = {isa = PBXBuildFile; fileRef = 4B46DCC42622F6270015F0C5 /* TextTypeTweetModelTests.swift */; };
		4B687CE62609B3E20093F3CC /* UserProfileBannerData.swift in Sources */ = {isa = PBXBuildFile; fileRef = 4B687CE52609B3E20093F3CC /* UserProfileBannerData.swift */; };
		4B69C2C725F39CC500BA0663 /* TwitterXApp.swift in Sources */ = {isa = PBXBuildFile; fileRef = 4B69C2C625F39CC500BA0663 /* TwitterXApp.swift */; };
		4B69C2C925F39CC500BA0663 /* ContentView.swift in Sources */ = {isa = PBXBuildFile; fileRef = 4B69C2C825F39CC500BA0663 /* ContentView.swift */; };
		4B69C2CB25F39CC600BA0663 /* Assets.xcassets in Resources */ = {isa = PBXBuildFile; fileRef = 4B69C2CA25F39CC600BA0663 /* Assets.xcassets */; };
		4B69C2CE25F39CC600BA0663 /* Preview Assets.xcassets in Resources */ = {isa = PBXBuildFile; fileRef = 4B69C2CD25F39CC600BA0663 /* Preview Assets.xcassets */; };
		4B69C2FE25F39E7300BA0663 /* GoogleService-Info.plist in Resources */ = {isa = PBXBuildFile; fileRef = 4B69C2FD25F39E7300BA0663 /* GoogleService-Info.plist */; };
		4B69C30425F39FBE00BA0663 /* FirebaseAnalytics in Frameworks */ = {isa = PBXBuildFile; productRef = 4B69C30325F39FBE00BA0663 /* FirebaseAnalytics */; };
		4B69C30625F39FBE00BA0663 /* FirebaseAuth in Frameworks */ = {isa = PBXBuildFile; productRef = 4B69C30525F39FBE00BA0663 /* FirebaseAuth */; };
		4B69C30825F39FBE00BA0663 /* FirebaseCrashlytics in Frameworks */ = {isa = PBXBuildFile; productRef = 4B69C30725F39FBE00BA0663 /* FirebaseCrashlytics */; };
		4B69C31525F3A35200BA0663 /* LoginViewModel.swift in Sources */ = {isa = PBXBuildFile; fileRef = 4B69C31425F3A35200BA0663 /* LoginViewModel.swift */; };
		4B69C32325F3C10300BA0663 /* LoginView.swift in Sources */ = {isa = PBXBuildFile; fileRef = 4B69C32225F3C10300BA0663 /* LoginView.swift */; };
		4B69C33F25F3C84F00BA0663 /* HomeView.swift in Sources */ = {isa = PBXBuildFile; fileRef = 4B69C33E25F3C84F00BA0663 /* HomeView.swift */; };
		4B69C36D25F3DBC400BA0663 /* Localizable.strings in Resources */ = {isa = PBXBuildFile; fileRef = 4B69C36F25F3DBC400BA0663 /* Localizable.strings */; };
		4B69C37B25F3DDB900BA0663 /* OAuth-Info.plist in Resources */ = {isa = PBXBuildFile; fileRef = 4B69C37A25F3DDB900BA0663 /* OAuth-Info.plist */; };
		4B69C38025F3E0B600BA0663 /* Api.swift in Sources */ = {isa = PBXBuildFile; fileRef = 4B69C37F25F3E0B600BA0663 /* Api.swift */; };
		4B69C38B25F3E24400BA0663 /* HTTPMethodType.swift in Sources */ = {isa = PBXBuildFile; fileRef = 4B69C38A25F3E24400BA0663 /* HTTPMethodType.swift */; };
		4B69C39025F3E25C00BA0663 /* OAuth.swift in Sources */ = {isa = PBXBuildFile; fileRef = 4B69C38F25F3E25C00BA0663 /* OAuth.swift */; };
		4B69C39925F3E29F00BA0663 /* PropertyUtils.swift in Sources */ = {isa = PBXBuildFile; fileRef = 4B69C39825F3E29F00BA0663 /* PropertyUtils.swift */; };
		4B69C3A125F3E5D200BA0663 /* ApiError.swift in Sources */ = {isa = PBXBuildFile; fileRef = 4B69C3A025F3E5D200BA0663 /* ApiError.swift */; };
		4B69C3A625F3E5FD00BA0663 /* Endpoint.swift in Sources */ = {isa = PBXBuildFile; fileRef = 4B69C3A525F3E5FD00BA0663 /* Endpoint.swift */; };
		4B69C3AC25F3E66100BA0663 /* HMAC.swift in Sources */ = {isa = PBXBuildFile; fileRef = 4B69C3AA25F3E66100BA0663 /* HMAC.swift */; };
		4B69C3AD25F3E66100BA0663 /* SHA1.swift in Sources */ = {isa = PBXBuildFile; fileRef = 4B69C3AB25F3E66100BA0663 /* SHA1.swift */; };
		4B69C3B225F3E68400BA0663 /* Extension_Data.swift in Sources */ = {isa = PBXBuildFile; fileRef = 4B69C3B125F3E68400BA0663 /* Extension_Data.swift */; };
		4B69C3C425F3E76B00BA0663 /* Extension_Int.swift in Sources */ = {isa = PBXBuildFile; fileRef = 4B69C3C325F3E76B00BA0663 /* Extension_Int.swift */; };
		4B69C3C925F3E78800BA0663 /* Extension_Collection.swift in Sources */ = {isa = PBXBuildFile; fileRef = 4B69C3C825F3E78800BA0663 /* Extension_Collection.swift */; };
		4B69C3CE25F3E87700BA0663 /* Utils.swift in Sources */ = {isa = PBXBuildFile; fileRef = 4B69C3CD25F3E87700BA0663 /* Utils.swift */; };
		4B69C3D925F3EF6D00BA0663 /* Extension_Dictionary.swift in Sources */ = {isa = PBXBuildFile; fileRef = 4B69C3D825F3EF6C00BA0663 /* Extension_Dictionary.swift */; };
		4B69C3DE25F3EF9600BA0663 /* Extension_Date.swift in Sources */ = {isa = PBXBuildFile; fileRef = 4B69C3DD25F3EF9600BA0663 /* Extension_Date.swift */; };
		4B69C3E325F3EFA500BA0663 /* Extension_String.swift in Sources */ = {isa = PBXBuildFile; fileRef = 4B69C3E225F3EFA500BA0663 /* Extension_String.swift */; };
		4B69C3E825F3F33400BA0663 /* Tweet.swift in Sources */ = {isa = PBXBuildFile; fileRef = 4B69C3E725F3F33400BA0663 /* Tweet.swift */; };
		4B69C3ED25F3F6B800BA0663 /* Keychain.swift in Sources */ = {isa = PBXBuildFile; fileRef = 4B69C3EC25F3F6B800BA0663 /* Keychain.swift */; };
		4B69C3F325F3F91300BA0663 /* KeychainConst.swift in Sources */ = {isa = PBXBuildFile; fileRef = 4B69C3F225F3F91300BA0663 /* KeychainConst.swift */; };
		4B69C3FE25F4A09E00BA0663 /* HomeViewModel.swift in Sources */ = {isa = PBXBuildFile; fileRef = 4B69C3FD25F4A09E00BA0663 /* HomeViewModel.swift */; };
		4B69C41825F4EF8F00BA0663 /* TweetEntities.swift in Sources */ = {isa = PBXBuildFile; fileRef = 4B69C41725F4EF8F00BA0663 /* TweetEntities.swift */; };
		4B69C42125F521B600BA0663 /* MetadataCache.swift in Sources */ = {isa = PBXBuildFile; fileRef = 4B69C42025F521B600BA0663 /* MetadataCache.swift */; };
		4B69C46925F5A78C00BA0663 /* Link.swift in Sources */ = {isa = PBXBuildFile; fileRef = 4B69C46825F5A78C00BA0663 /* Link.swift */; };
		4B69C46E25F5CEA100BA0663 /* Extension_UITextView.swift in Sources */ = {isa = PBXBuildFile; fileRef = 4B69C46D25F5CEA100BA0663 /* Extension_UITextView.swift */; };
		4BB260BE26056BF100F10204 /* VideoPlayerView+GifPlayerView.swift in Sources */ = {isa = PBXBuildFile; fileRef = 4BB260BD26056BF100F10204 /* VideoPlayerView+GifPlayerView.swift */; };
		4BB260CA260612F200F10204 /* VideoPlayer in Frameworks */ = {isa = PBXBuildFile; productRef = 4BB260C9260612F200F10204 /* VideoPlayer */; };
		4BB260E22607506900F10204 /* ProfileView.swift in Sources */ = {isa = PBXBuildFile; fileRef = 4BB260E12607506900F10204 /* ProfileView.swift */; };
		4BB260EA26078BC300F10204 /* Settings.swift in Sources */ = {isa = PBXBuildFile; fileRef = 4BB260E926078BC300F10204 /* Settings.swift */; };
/* End PBXBuildFile section */

/* Begin PBXContainerItemProxy section */
		4B46DC8D2622CA090015F0C5 /* PBXContainerItemProxy */ = {
			isa = PBXContainerItemProxy;
			containerPortal = 4B69C2BB25F39CC500BA0663 /* Project object */;
			proxyType = 1;
			remoteGlobalIDString = 4B69C2C225F39CC500BA0663;
			remoteInfo = TwitterX;
		};
/* End PBXContainerItemProxy section */

/* Begin PBXFileReference section */
		4B0CBDA325FC69F700615DDF /* TweetExtendedEntities.swift */ = {isa = PBXFileReference; lastKnownFileType = sourcecode.swift; path = TweetExtendedEntities.swift; sourceTree = "<group>"; };
		4B0CBDAD25FC702500615DDF /* UserTweetData.swift */ = {isa = PBXFileReference; lastKnownFileType = sourcecode.swift; path = UserTweetData.swift; sourceTree = "<group>"; };
		4B0CBDE625FDD43400615DDF /* giphy.gif */ = {isa = PBXFileReference; lastKnownFileType = image.gif; path = giphy.gif; sourceTree = "<group>"; };
		4B0CBDF125FDE33500615DDF /* Extension_UIImage.swift */ = {isa = PBXFileReference; lastKnownFileType = sourcecode.swift; path = Extension_UIImage.swift; sourceTree = "<group>"; };
		4B2AB26425FAEEAA005A13C7 /* User.swift */ = {isa = PBXFileReference; lastKnownFileType = sourcecode.swift; path = User.swift; sourceTree = "<group>"; };
		4B2AB26925FAF174005A13C7 /* UserProfileImageData.swift */ = {isa = PBXFileReference; lastKnownFileType = sourcecode.swift; path = UserProfileImageData.swift; sourceTree = "<group>"; };
		4B3B800A2601B97F009E0F98 /* ImageGridView+ImageTabView.swift */ = {isa = PBXFileReference; lastKnownFileType = sourcecode.swift; path = "ImageGridView+ImageTabView.swift"; sourceTree = "<group>"; };
		4B3B80122601BA20009E0F98 /* LinkView.swift */ = {isa = PBXFileReference; lastKnownFileType = sourcecode.swift; path = LinkView.swift; sourceTree = "<group>"; };
		4B3B80172601BA7F009E0F98 /* UserInfoView+PostTimeView.swift */ = {isa = PBXFileReference; lastKnownFileType = sourcecode.swift; path = "UserInfoView+PostTimeView.swift"; sourceTree = "<group>"; };
		4B3B80212601BB73009E0F98 /* HomeCellView.swift */ = {isa = PBXFileReference; lastKnownFileType = sourcecode.swift; path = HomeCellView.swift; sourceTree = "<group>"; };
		4B3B80322601BD37009E0F98 /* HyperlinkTextView.swift */ = {isa = PBXFileReference; lastKnownFileType = sourcecode.swift; path = HyperlinkTextView.swift; sourceTree = "<group>"; };
		4B46DC882622CA090015F0C5 /* TwitterXTests.xctest */ = {isa = PBXFileReference; explicitFileType = wrapper.cfbundle; includeInIndex = 0; path = TwitterXTests.xctest; sourceTree = BUILT_PRODUCTS_DIR; };
		4B46DC8C2622CA090015F0C5 /* Info.plist */ = {isa = PBXFileReference; lastKnownFileType = text.plist.xml; path = Info.plist; sourceTree = "<group>"; };
		4B46DC962622CA840015F0C5 /* UserModelTests.swift */ = {isa = PBXFileReference; lastKnownFileType = sourcecode.swift; path = UserModelTests.swift; sourceTree = "<group>"; };
		4B46DC9E2622CD600015F0C5 /* user.json */ = {isa = PBXFileReference; lastKnownFileType = text.json; path = user.json; sourceTree = "<group>"; };
		4B46DCB82622ECA50015F0C5 /* TweetModelTests.swift */ = {isa = PBXFileReference; lastKnownFileType = sourcecode.swift; path = TweetModelTests.swift; sourceTree = "<group>"; };
		4B46DCBE2622F0640015F0C5 /* tweet.json */ = {isa = PBXFileReference; lastKnownFileType = text.json; path = tweet.json; sourceTree = "<group>"; };
		4B46DCC42622F6270015F0C5 /* TextTypeTweetModelTests.swift */ = {isa = PBXFileReference; lastKnownFileType = sourcecode.swift; path = TextTypeTweetModelTests.swift; sourceTree = "<group>"; };
		4B687CE52609B3E20093F3CC /* UserProfileBannerData.swift */ = {isa = PBXFileReference; lastKnownFileType = sourcecode.swift; path = UserProfileBannerData.swift; sourceTree = "<group>"; };
		4B69C2C325F39CC500BA0663 /* TwitterX.app */ = {isa = PBXFileReference; explicitFileType = wrapper.application; includeInIndex = 0; path = TwitterX.app; sourceTree = BUILT_PRODUCTS_DIR; };
		4B69C2C625F39CC500BA0663 /* TwitterXApp.swift */ = {isa = PBXFileReference; lastKnownFileType = sourcecode.swift; path = TwitterXApp.swift; sourceTree = "<group>"; };
		4B69C2C825F39CC500BA0663 /* ContentView.swift */ = {isa = PBXFileReference; lastKnownFileType = sourcecode.swift; path = ContentView.swift; sourceTree = "<group>"; };
		4B69C2CA25F39CC600BA0663 /* Assets.xcassets */ = {isa = PBXFileReference; lastKnownFileType = folder.assetcatalog; path = Assets.xcassets; sourceTree = "<group>"; };
		4B69C2CD25F39CC600BA0663 /* Preview Assets.xcassets */ = {isa = PBXFileReference; lastKnownFileType = folder.assetcatalog; path = "Preview Assets.xcassets"; sourceTree = "<group>"; };
		4B69C2CF25F39CC600BA0663 /* Info.plist */ = {isa = PBXFileReference; lastKnownFileType = text.plist.xml; path = Info.plist; sourceTree = "<group>"; };
		4B69C2FD25F39E7300BA0663 /* GoogleService-Info.plist */ = {isa = PBXFileReference; fileEncoding = 4; lastKnownFileType = text.plist.xml; path = "GoogleService-Info.plist"; sourceTree = "<group>"; };
		4B69C31425F3A35200BA0663 /* LoginViewModel.swift */ = {isa = PBXFileReference; lastKnownFileType = sourcecode.swift; path = LoginViewModel.swift; sourceTree = "<group>"; };
		4B69C32225F3C10300BA0663 /* LoginView.swift */ = {isa = PBXFileReference; lastKnownFileType = sourcecode.swift; path = LoginView.swift; sourceTree = "<group>"; };
		4B69C33E25F3C84F00BA0663 /* HomeView.swift */ = {isa = PBXFileReference; lastKnownFileType = sourcecode.swift; path = HomeView.swift; sourceTree = "<group>"; };
		4B69C36E25F3DBC400BA0663 /* en */ = {isa = PBXFileReference; lastKnownFileType = text.plist.strings; name = en; path = en.lproj/Localizable.strings; sourceTree = "<group>"; };
		4B69C37325F3DBCC00BA0663 /* ja */ = {isa = PBXFileReference; lastKnownFileType = text.plist.strings; name = ja; path = ja.lproj/Localizable.strings; sourceTree = "<group>"; };
		4B69C37A25F3DDB900BA0663 /* OAuth-Info.plist */ = {isa = PBXFileReference; lastKnownFileType = text.plist.xml; path = "OAuth-Info.plist"; sourceTree = "<group>"; };
		4B69C37F25F3E0B600BA0663 /* Api.swift */ = {isa = PBXFileReference; lastKnownFileType = sourcecode.swift; path = Api.swift; sourceTree = "<group>"; };
		4B69C38A25F3E24400BA0663 /* HTTPMethodType.swift */ = {isa = PBXFileReference; lastKnownFileType = sourcecode.swift; path = HTTPMethodType.swift; sourceTree = "<group>"; };
		4B69C38F25F3E25C00BA0663 /* OAuth.swift */ = {isa = PBXFileReference; lastKnownFileType = sourcecode.swift; path = OAuth.swift; sourceTree = "<group>"; };
		4B69C39825F3E29F00BA0663 /* PropertyUtils.swift */ = {isa = PBXFileReference; lastKnownFileType = sourcecode.swift; path = PropertyUtils.swift; sourceTree = "<group>"; };
		4B69C3A025F3E5D200BA0663 /* ApiError.swift */ = {isa = PBXFileReference; lastKnownFileType = sourcecode.swift; path = ApiError.swift; sourceTree = "<group>"; };
		4B69C3A525F3E5FD00BA0663 /* Endpoint.swift */ = {isa = PBXFileReference; lastKnownFileType = sourcecode.swift; path = Endpoint.swift; sourceTree = "<group>"; };
		4B69C3AA25F3E66100BA0663 /* HMAC.swift */ = {isa = PBXFileReference; fileEncoding = 4; lastKnownFileType = sourcecode.swift; path = HMAC.swift; sourceTree = "<group>"; };
		4B69C3AB25F3E66100BA0663 /* SHA1.swift */ = {isa = PBXFileReference; fileEncoding = 4; lastKnownFileType = sourcecode.swift; path = SHA1.swift; sourceTree = "<group>"; };
		4B69C3B125F3E68400BA0663 /* Extension_Data.swift */ = {isa = PBXFileReference; lastKnownFileType = sourcecode.swift; path = Extension_Data.swift; sourceTree = "<group>"; };
		4B69C3C325F3E76B00BA0663 /* Extension_Int.swift */ = {isa = PBXFileReference; lastKnownFileType = sourcecode.swift; path = Extension_Int.swift; sourceTree = "<group>"; };
		4B69C3C825F3E78800BA0663 /* Extension_Collection.swift */ = {isa = PBXFileReference; lastKnownFileType = sourcecode.swift; path = Extension_Collection.swift; sourceTree = "<group>"; };
		4B69C3CD25F3E87700BA0663 /* Utils.swift */ = {isa = PBXFileReference; lastKnownFileType = sourcecode.swift; path = Utils.swift; sourceTree = "<group>"; };
		4B69C3D825F3EF6C00BA0663 /* Extension_Dictionary.swift */ = {isa = PBXFileReference; lastKnownFileType = sourcecode.swift; path = Extension_Dictionary.swift; sourceTree = "<group>"; };
		4B69C3DD25F3EF9600BA0663 /* Extension_Date.swift */ = {isa = PBXFileReference; lastKnownFileType = sourcecode.swift; path = Extension_Date.swift; sourceTree = "<group>"; };
		4B69C3E225F3EFA500BA0663 /* Extension_String.swift */ = {isa = PBXFileReference; lastKnownFileType = sourcecode.swift; path = Extension_String.swift; sourceTree = "<group>"; };
		4B69C3E725F3F33400BA0663 /* Tweet.swift */ = {isa = PBXFileReference; fileEncoding = 4; lastKnownFileType = sourcecode.swift; path = Tweet.swift; sourceTree = "<group>"; };
		4B69C3EC25F3F6B800BA0663 /* Keychain.swift */ = {isa = PBXFileReference; lastKnownFileType = sourcecode.swift; path = Keychain.swift; sourceTree = "<group>"; };
		4B69C3F225F3F91300BA0663 /* KeychainConst.swift */ = {isa = PBXFileReference; lastKnownFileType = sourcecode.swift; path = KeychainConst.swift; sourceTree = "<group>"; };
		4B69C3FD25F4A09E00BA0663 /* HomeViewModel.swift */ = {isa = PBXFileReference; lastKnownFileType = sourcecode.swift; path = HomeViewModel.swift; sourceTree = "<group>"; };
		4B69C41725F4EF8F00BA0663 /* TweetEntities.swift */ = {isa = PBXFileReference; lastKnownFileType = sourcecode.swift; path = TweetEntities.swift; sourceTree = "<group>"; };
		4B69C42025F521B600BA0663 /* MetadataCache.swift */ = {isa = PBXFileReference; lastKnownFileType = sourcecode.swift; path = MetadataCache.swift; sourceTree = "<group>"; };
		4B69C46825F5A78C00BA0663 /* Link.swift */ = {isa = PBXFileReference; lastKnownFileType = sourcecode.swift; path = Link.swift; sourceTree = "<group>"; };
		4B69C46D25F5CEA100BA0663 /* Extension_UITextView.swift */ = {isa = PBXFileReference; lastKnownFileType = sourcecode.swift; path = Extension_UITextView.swift; sourceTree = "<group>"; };
		4BB260BD26056BF100F10204 /* VideoPlayerView+GifPlayerView.swift */ = {isa = PBXFileReference; lastKnownFileType = sourcecode.swift; path = "VideoPlayerView+GifPlayerView.swift"; sourceTree = "<group>"; };
		4BB260E12607506900F10204 /* ProfileView.swift */ = {isa = PBXFileReference; lastKnownFileType = sourcecode.swift; path = ProfileView.swift; sourceTree = "<group>"; };
		4BB260E926078BC300F10204 /* Settings.swift */ = {isa = PBXFileReference; lastKnownFileType = sourcecode.swift; path = Settings.swift; sourceTree = "<group>"; };
/* End PBXFileReference section */

/* Begin PBXFrameworksBuildPhase section */
		4B46DC852622CA090015F0C5 /* Frameworks */ = {
			isa = PBXFrameworksBuildPhase;
			buildActionMask = 2147483647;
			files = (
			);
			runOnlyForDeploymentPostprocessing = 0;
		};
		4B69C2C025F39CC500BA0663 /* Frameworks */ = {
			isa = PBXFrameworksBuildPhase;
			buildActionMask = 2147483647;
			files = (
				4BB260CA260612F200F10204 /* VideoPlayer in Frameworks */,
				4B41574026024D9400FDE2CB /* SDWebImageSwiftUI in Frameworks */,
				4B41573A26024A5F00FDE2CB /* GiphyUISDK in Frameworks */,
				4B69C30825F39FBE00BA0663 /* FirebaseCrashlytics in Frameworks */,
				4B0CBDD625FDAF6B00615DDF /* SwiftyGif in Frameworks */,
				4B69C30425F39FBE00BA0663 /* FirebaseAnalytics in Frameworks */,
				4B69C30625F39FBE00BA0663 /* FirebaseAuth in Frameworks */,
			);
			runOnlyForDeploymentPostprocessing = 0;
		};
/* End PBXFrameworksBuildPhase section */

/* Begin PBXGroup section */
		4B0CBDDD25FDB23D00615DDF /* Gif */ = {
			isa = PBXGroup;
			children = (
				4B0CBDE625FDD43400615DDF /* giphy.gif */,
			);
			path = Gif;
			sourceTree = "<group>";
		};
		4B46DC892622CA090015F0C5 /* TwitterXTests */ = {
			isa = PBXGroup;
			children = (
				4B46DC9E2622CD600015F0C5 /* user.json */,
				4B46DC8C2622CA090015F0C5 /* Info.plist */,
				4B46DC962622CA840015F0C5 /* UserModelTests.swift */,
				4B46DCB82622ECA50015F0C5 /* TweetModelTests.swift */,
				4B46DCBE2622F0640015F0C5 /* tweet.json */,
				4B46DCC42622F6270015F0C5 /* TextTypeTweetModelTests.swift */,
			);
			path = TwitterXTests;
			sourceTree = "<group>";
		};
		4B69C2BA25F39CC500BA0663 = {
			isa = PBXGroup;
			children = (
				4B69C2C525F39CC500BA0663 /* TwitterX */,
				4B46DC892622CA090015F0C5 /* TwitterXTests */,
				4B69C2C425F39CC500BA0663 /* Products */,
			);
			sourceTree = "<group>";
		};
		4B69C2C425F39CC500BA0663 /* Products */ = {
			isa = PBXGroup;
			children = (
				4B69C2C325F39CC500BA0663 /* TwitterX.app */,
				4B46DC882622CA090015F0C5 /* TwitterXTests.xctest */,
			);
			name = Products;
			sourceTree = "<group>";
		};
		4B69C2C525F39CC500BA0663 /* TwitterX */ = {
			isa = PBXGroup;
			children = (
				4B69C3F125F3F90000BA0663 /* Keychain */,
				4B69C3B925F3E6C300BA0663 /* Extensions */,
				4B69C39725F3E28F00BA0663 /* Utils */,
				4B69C38425F3E10300BA0663 /* Properties */,
				4B69C35B25F3D98400BA0663 /* Resources */,
				4B69C31325F3A33800BA0663 /* Networking */,
				4B69C31225F3A2F200BA0663 /* Model */,
				4B69C31125F3A2EA00BA0663 /* ViewModel */,
				4B69C31025F3A2DE00BA0663 /* View */,
				4B69C2FD25F39E7300BA0663 /* GoogleService-Info.plist */,
				4B69C2C625F39CC500BA0663 /* TwitterXApp.swift */,
				4B69C2C825F39CC500BA0663 /* ContentView.swift */,
				4B69C2CF25F39CC600BA0663 /* Info.plist */,
				4B69C2CC25F39CC600BA0663 /* Preview Content */,
			);
			path = TwitterX;
			sourceTree = "<group>";
		};
		4B69C2CC25F39CC600BA0663 /* Preview Content */ = {
			isa = PBXGroup;
			children = (
				4B69C2CD25F39CC600BA0663 /* Preview Assets.xcassets */,
			);
			path = "Preview Content";
			sourceTree = "<group>";
		};
		4B69C31025F3A2DE00BA0663 /* View */ = {
			isa = PBXGroup;
			children = (
				4B3B80212601BB73009E0F98 /* HomeCellView.swift */,
				4B3B80122601BA20009E0F98 /* LinkView.swift */,
				4B3B80172601BA7F009E0F98 /* UserInfoView+PostTimeView.swift */,
				4B3B800A2601B97F009E0F98 /* ImageGridView+ImageTabView.swift */,
				4B69C32225F3C10300BA0663 /* LoginView.swift */,
				4B69C33E25F3C84F00BA0663 /* HomeView.swift */,
				4B3B80322601BD37009E0F98 /* HyperlinkTextView.swift */,
				4BB260BD26056BF100F10204 /* VideoPlayerView+GifPlayerView.swift */,
				4BB260E12607506900F10204 /* ProfileView.swift */,
			);
			path = View;
			sourceTree = "<group>";
		};
		4B69C31125F3A2EA00BA0663 /* ViewModel */ = {
			isa = PBXGroup;
			children = (
				4B2AB26925FAF174005A13C7 /* UserProfileImageData.swift */,
				4B69C46825F5A78C00BA0663 /* Link.swift */,
				4B0CBDAD25FC702500615DDF /* UserTweetData.swift */,
				4B687CE52609B3E20093F3CC /* UserProfileBannerData.swift */,
				4B69C31425F3A35200BA0663 /* LoginViewModel.swift */,
				4B69C3FD25F4A09E00BA0663 /* HomeViewModel.swift */,
			);
			path = ViewModel;
			sourceTree = "<group>";
		};
		4B69C31225F3A2F200BA0663 /* Model */ = {
			isa = PBXGroup;
			children = (
				4B69C3E725F3F33400BA0663 /* Tweet.swift */,
				4B69C41725F4EF8F00BA0663 /* TweetEntities.swift */,
				4B2AB26425FAEEAA005A13C7 /* User.swift */,
				4B0CBDA325FC69F700615DDF /* TweetExtendedEntities.swift */,
				4BB260E926078BC300F10204 /* Settings.swift */,
			);
			path = Model;
			sourceTree = "<group>";
		};
		4B69C31325F3A33800BA0663 /* Networking */ = {
			isa = PBXGroup;
			children = (
				4B69C3AA25F3E66100BA0663 /* HMAC.swift */,
				4B69C3AB25F3E66100BA0663 /* SHA1.swift */,
				4B69C37F25F3E0B600BA0663 /* Api.swift */,
				4B69C38A25F3E24400BA0663 /* HTTPMethodType.swift */,
				4B69C38F25F3E25C00BA0663 /* OAuth.swift */,
				4B69C3A025F3E5D200BA0663 /* ApiError.swift */,
				4B69C3A525F3E5FD00BA0663 /* Endpoint.swift */,
			);
			path = Networking;
			sourceTree = "<group>";
		};
		4B69C35B25F3D98400BA0663 /* Resources */ = {
			isa = PBXGroup;
			children = (
				4B0CBDDD25FDB23D00615DDF /* Gif */,
				4B69C36F25F3DBC400BA0663 /* Localizable.strings */,
				4B69C2CA25F39CC600BA0663 /* Assets.xcassets */,
			);
			path = Resources;
			sourceTree = "<group>";
		};
		4B69C38425F3E10300BA0663 /* Properties */ = {
			isa = PBXGroup;
			children = (
				4B69C37A25F3DDB900BA0663 /* OAuth-Info.plist */,
			);
			path = Properties;
			sourceTree = "<group>";
		};
		4B69C39725F3E28F00BA0663 /* Utils */ = {
			isa = PBXGroup;
			children = (
				4B69C39825F3E29F00BA0663 /* PropertyUtils.swift */,
				4B69C3CD25F3E87700BA0663 /* Utils.swift */,
				4B69C42025F521B600BA0663 /* MetadataCache.swift */,
			);
			path = Utils;
			sourceTree = "<group>";
		};
		4B69C3B925F3E6C300BA0663 /* Extensions */ = {
			isa = PBXGroup;
			children = (
				4B69C3B125F3E68400BA0663 /* Extension_Data.swift */,
				4B69C3C325F3E76B00BA0663 /* Extension_Int.swift */,
				4B69C3C825F3E78800BA0663 /* Extension_Collection.swift */,
				4B69C3D825F3EF6C00BA0663 /* Extension_Dictionary.swift */,
				4B69C3DD25F3EF9600BA0663 /* Extension_Date.swift */,
				4B69C3E225F3EFA500BA0663 /* Extension_String.swift */,
				4B69C46D25F5CEA100BA0663 /* Extension_UITextView.swift */,
				4B0CBDF125FDE33500615DDF /* Extension_UIImage.swift */,
			);
			path = Extensions;
			sourceTree = "<group>";
		};
		4B69C3F125F3F90000BA0663 /* Keychain */ = {
			isa = PBXGroup;
			children = (
				4B69C3EC25F3F6B800BA0663 /* Keychain.swift */,
				4B69C3F225F3F91300BA0663 /* KeychainConst.swift */,
			);
			path = Keychain;
			sourceTree = "<group>";
		};
/* End PBXGroup section */

/* Begin PBXNativeTarget section */
		4B46DC872622CA090015F0C5 /* TwitterXTests */ = {
			isa = PBXNativeTarget;
			buildConfigurationList = 4B46DC912622CA090015F0C5 /* Build configuration list for PBXNativeTarget "TwitterXTests" */;
			buildPhases = (
				4B46DC842622CA090015F0C5 /* Sources */,
				4B46DC852622CA090015F0C5 /* Frameworks */,
				4B46DC862622CA090015F0C5 /* Resources */,
			);
			buildRules = (
			);
			dependencies = (
				4B46DC8E2622CA090015F0C5 /* PBXTargetDependency */,
			);
			name = TwitterXTests;
			productName = TwitterXTests;
			productReference = 4B46DC882622CA090015F0C5 /* TwitterXTests.xctest */;
			productType = "com.apple.product-type.bundle.unit-test";
		};
		4B69C2C225F39CC500BA0663 /* TwitterX */ = {
			isa = PBXNativeTarget;
			buildConfigurationList = 4B69C2E825F39CC600BA0663 /* Build configuration list for PBXNativeTarget "TwitterX" */;
			buildPhases = (
				4B69C2BF25F39CC500BA0663 /* Sources */,
				4B69C2C025F39CC500BA0663 /* Frameworks */,
				4B69C2C125F39CC500BA0663 /* Resources */,
			);
			buildRules = (
			);
			dependencies = (
			);
			name = TwitterX;
			packageProductDependencies = (
				4B69C30325F39FBE00BA0663 /* FirebaseAnalytics */,
				4B69C30525F39FBE00BA0663 /* FirebaseAuth */,
				4B69C30725F39FBE00BA0663 /* FirebaseCrashlytics */,
				4B0CBDD525FDAF6B00615DDF /* SwiftyGif */,
				4B41573926024A5F00FDE2CB /* GiphyUISDK */,
				4B41573F26024D9400FDE2CB /* SDWebImageSwiftUI */,
				4BB260C9260612F200F10204 /* VideoPlayer */,
			);
			productName = TwitterX;
			productReference = 4B69C2C325F39CC500BA0663 /* TwitterX.app */;
			productType = "com.apple.product-type.application";
		};
/* End PBXNativeTarget section */

/* Begin PBXProject section */
		4B69C2BB25F39CC500BA0663 /* Project object */ = {
			isa = PBXProject;
			attributes = {
				LastSwiftUpdateCheck = 1240;
				LastUpgradeCheck = 1240;
				TargetAttributes = {
					4B46DC872622CA090015F0C5 = {
						CreatedOnToolsVersion = 12.4;
						LastSwiftMigration = 1240;
						TestTargetID = 4B69C2C225F39CC500BA0663;
					};
					4B69C2C225F39CC500BA0663 = {
						CreatedOnToolsVersion = 12.4;
					};
				};
			};
			buildConfigurationList = 4B69C2BE25F39CC500BA0663 /* Build configuration list for PBXProject "TwitterX" */;
			compatibilityVersion = "Xcode 9.3";
			developmentRegion = en;
			hasScannedForEncodings = 0;
			knownRegions = (
				en,
				ja,
				Base,
			);
			mainGroup = 4B69C2BA25F39CC500BA0663;
			packageReferences = (
				4B69C30225F39FBE00BA0663 /* XCRemoteSwiftPackageReference "firebase-ios-sdk" */,
				4B0CBDD425FDAF6A00615DDF /* XCRemoteSwiftPackageReference "SwiftyGif" */,
				4B41573826024A5F00FDE2CB /* XCRemoteSwiftPackageReference "giphy-ios-sdk" */,
				4B41573E26024D9400FDE2CB /* XCRemoteSwiftPackageReference "SDWebImageSwiftUI" */,
				4BB260C8260612F200F10204 /* XCRemoteSwiftPackageReference "VideoPlayer" */,
			);
			productRefGroup = 4B69C2C425F39CC500BA0663 /* Products */;
			projectDirPath = "";
			projectRoot = "";
			targets = (
				4B69C2C225F39CC500BA0663 /* TwitterX */,
				4B46DC872622CA090015F0C5 /* TwitterXTests */,
			);
		};
/* End PBXProject section */

/* Begin PBXResourcesBuildPhase section */
		4B46DC862622CA090015F0C5 /* Resources */ = {
			isa = PBXResourcesBuildPhase;
			buildActionMask = 2147483647;
			files = (
				4B46DC9F2622CD600015F0C5 /* user.json in Resources */,
				4B46DCBF2622F0640015F0C5 /* tweet.json in Resources */,
			);
			runOnlyForDeploymentPostprocessing = 0;
		};
		4B69C2C125F39CC500BA0663 /* Resources */ = {
			isa = PBXResourcesBuildPhase;
			buildActionMask = 2147483647;
			files = (
				4B69C2CE25F39CC600BA0663 /* Preview Assets.xcassets in Resources */,
				4B69C36D25F3DBC400BA0663 /* Localizable.strings in Resources */,
				4B69C37B25F3DDB900BA0663 /* OAuth-Info.plist in Resources */,
				4B69C2CB25F39CC600BA0663 /* Assets.xcassets in Resources */,
				4B0CBDE725FDD43400615DDF /* giphy.gif in Resources */,
				4B69C2FE25F39E7300BA0663 /* GoogleService-Info.plist in Resources */,
			);
			runOnlyForDeploymentPostprocessing = 0;
		};
/* End PBXResourcesBuildPhase section */

/* Begin PBXSourcesBuildPhase section */
		4B46DC842622CA090015F0C5 /* Sources */ = {
			isa = PBXSourcesBuildPhase;
			buildActionMask = 2147483647;
			files = (
				4B46DCC52622F6270015F0C5 /* TextTypeTweetModelTests.swift in Sources */,
				4B46DC972622CA840015F0C5 /* UserModelTests.swift in Sources */,
				4B46DCB92622ECA50015F0C5 /* TweetModelTests.swift in Sources */,
			);
			runOnlyForDeploymentPostprocessing = 0;
		};
		4B69C2BF25F39CC500BA0663 /* Sources */ = {
			isa = PBXSourcesBuildPhase;
			buildActionMask = 2147483647;
			files = (
				4B69C39025F3E25C00BA0663 /* OAuth.swift in Sources */,
				4B69C38025F3E0B600BA0663 /* Api.swift in Sources */,
				4B3B800B2601B97F009E0F98 /* ImageGridView+ImageTabView.swift in Sources */,
				4B69C3AC25F3E66100BA0663 /* HMAC.swift in Sources */,
				4B69C3E825F3F33400BA0663 /* Tweet.swift in Sources */,
				4B2AB26525FAEEAA005A13C7 /* User.swift in Sources */,
				4B2AB26A25FAF174005A13C7 /* UserProfileImageData.swift in Sources */,
				4B3B80332601BD37009E0F98 /* HyperlinkTextView.swift in Sources */,
				4B69C38B25F3E24400BA0663 /* HTTPMethodType.swift in Sources */,
				4B3B80222601BB73009E0F98 /* HomeCellView.swift in Sources */,
				4B69C3ED25F3F6B800BA0663 /* Keychain.swift in Sources */,
				4B69C3F325F3F91300BA0663 /* KeychainConst.swift in Sources */,
				4B69C46E25F5CEA100BA0663 /* Extension_UITextView.swift in Sources */,
				4BB260E22607506900F10204 /* ProfileView.swift in Sources */,
				4B69C3E325F3EFA500BA0663 /* Extension_String.swift in Sources */,
				4B69C3DE25F3EF9600BA0663 /* Extension_Date.swift in Sources */,
				4B69C2C925F39CC500BA0663 /* ContentView.swift in Sources */,
				4B69C3C425F3E76B00BA0663 /* Extension_Int.swift in Sources */,
				4BB260EA26078BC300F10204 /* Settings.swift in Sources */,
				4B69C2C725F39CC500BA0663 /* TwitterXApp.swift in Sources */,
				4B0CBDAE25FC702500615DDF /* UserTweetData.swift in Sources */,
				4B69C32325F3C10300BA0663 /* LoginView.swift in Sources */,
				4B69C3FE25F4A09E00BA0663 /* HomeViewModel.swift in Sources */,
				4B69C33F25F3C84F00BA0663 /* HomeView.swift in Sources */,
				4B69C46925F5A78C00BA0663 /* Link.swift in Sources */,
				4B3B80182601BA7F009E0F98 /* UserInfoView+PostTimeView.swift in Sources */,
				4B69C3CE25F3E87700BA0663 /* Utils.swift in Sources */,
				4B69C31525F3A35200BA0663 /* LoginViewModel.swift in Sources */,
				4B69C3AD25F3E66100BA0663 /* SHA1.swift in Sources */,
				4B0CBDF225FDE33500615DDF /* Extension_UIImage.swift in Sources */,
				4B687CE62609B3E20093F3CC /* UserProfileBannerData.swift in Sources */,
				4B3B80132601BA20009E0F98 /* LinkView.swift in Sources */,
				4B0CBDA425FC69F700615DDF /* TweetExtendedEntities.swift in Sources */,
				4B69C41825F4EF8F00BA0663 /* TweetEntities.swift in Sources */,
				4B69C3A125F3E5D200BA0663 /* ApiError.swift in Sources */,
				4B69C3D925F3EF6D00BA0663 /* Extension_Dictionary.swift in Sources */,
				4B69C3A625F3E5FD00BA0663 /* Endpoint.swift in Sources */,
				4B69C3C925F3E78800BA0663 /* Extension_Collection.swift in Sources */,
				4B69C39925F3E29F00BA0663 /* PropertyUtils.swift in Sources */,
				4B69C3B225F3E68400BA0663 /* Extension_Data.swift in Sources */,
				4B69C42125F521B600BA0663 /* MetadataCache.swift in Sources */,
				4BB260BE26056BF100F10204 /* VideoPlayerView+GifPlayerView.swift in Sources */,
			);
			runOnlyForDeploymentPostprocessing = 0;
		};
/* End PBXSourcesBuildPhase section */

/* Begin PBXTargetDependency section */
		4B46DC8E2622CA090015F0C5 /* PBXTargetDependency */ = {
			isa = PBXTargetDependency;
			target = 4B69C2C225F39CC500BA0663 /* TwitterX */;
			targetProxy = 4B46DC8D2622CA090015F0C5 /* PBXContainerItemProxy */;
		};
/* End PBXTargetDependency section */

/* Begin PBXVariantGroup section */
		4B69C36F25F3DBC400BA0663 /* Localizable.strings */ = {
			isa = PBXVariantGroup;
			children = (
				4B69C36E25F3DBC400BA0663 /* en */,
				4B69C37325F3DBCC00BA0663 /* ja */,
			);
			name = Localizable.strings;
			sourceTree = "<group>";
		};
/* End PBXVariantGroup section */

/* Begin XCBuildConfiguration section */
		4B46DC8F2622CA090015F0C5 /* Debug */ = {
			isa = XCBuildConfiguration;
			buildSettings = {
				BUNDLE_LOADER = "$(TEST_HOST)";
				CLANG_ENABLE_MODULES = YES;
				CODE_SIGN_STYLE = Automatic;
				DEVELOPMENT_TEAM = 6Q6573TH26;
				INFOPLIST_FILE = TwitterXTests/Info.plist;
				IPHONEOS_DEPLOYMENT_TARGET = 14.1;
				LD_RUNPATH_SEARCH_PATHS = (
					"$(inherited)",
					"@executable_path/Frameworks",
					"@loader_path/Frameworks",
				);
				PRODUCT_BUNDLE_IDENTIFIER = com.piyushkant.TwitterXTests;
				PRODUCT_NAME = "$(TARGET_NAME)";
				SWIFT_OPTIMIZATION_LEVEL = "-Onone";
				SWIFT_VERSION = 5.0;
				TARGETED_DEVICE_FAMILY = "1,2";
				TEST_HOST = "$(BUILT_PRODUCTS_DIR)/TwitterX.app/TwitterX";
				TVOS_DEPLOYMENT_TARGET = 14.1;
			};
			name = Debug;
		};
		4B46DC902622CA090015F0C5 /* Release */ = {
			isa = XCBuildConfiguration;
			buildSettings = {
				BUNDLE_LOADER = "$(TEST_HOST)";
				CLANG_ENABLE_MODULES = YES;
				CODE_SIGN_STYLE = Automatic;
				DEVELOPMENT_TEAM = 6Q6573TH26;
				INFOPLIST_FILE = TwitterXTests/Info.plist;
				IPHONEOS_DEPLOYMENT_TARGET = 14.1;
				LD_RUNPATH_SEARCH_PATHS = (
					"$(inherited)",
					"@executable_path/Frameworks",
					"@loader_path/Frameworks",
				);
				PRODUCT_BUNDLE_IDENTIFIER = com.piyushkant.TwitterXTests;
				PRODUCT_NAME = "$(TARGET_NAME)";
				SWIFT_VERSION = 5.0;
				TARGETED_DEVICE_FAMILY = "1,2";
				TEST_HOST = "$(BUILT_PRODUCTS_DIR)/TwitterX.app/TwitterX";
				TVOS_DEPLOYMENT_TARGET = 14.1;
			};
			name = Release;
		};
		4B69C2E625F39CC600BA0663 /* Debug */ = {
			isa = XCBuildConfiguration;
			buildSettings = {
				ALWAYS_SEARCH_USER_PATHS = NO;
				CLANG_ANALYZER_NONNULL = YES;
				CLANG_ANALYZER_NUMBER_OBJECT_CONVERSION = YES_AGGRESSIVE;
				CLANG_CXX_LANGUAGE_STANDARD = "gnu++14";
				CLANG_CXX_LIBRARY = "libc++";
				CLANG_ENABLE_MODULES = YES;
				CLANG_ENABLE_OBJC_ARC = YES;
				CLANG_ENABLE_OBJC_WEAK = YES;
				CLANG_WARN_BLOCK_CAPTURE_AUTORELEASING = YES;
				CLANG_WARN_BOOL_CONVERSION = YES;
				CLANG_WARN_COMMA = YES;
				CLANG_WARN_CONSTANT_CONVERSION = YES;
				CLANG_WARN_DEPRECATED_OBJC_IMPLEMENTATIONS = YES;
				CLANG_WARN_DIRECT_OBJC_ISA_USAGE = YES_ERROR;
				CLANG_WARN_DOCUMENTATION_COMMENTS = YES;
				CLANG_WARN_EMPTY_BODY = YES;
				CLANG_WARN_ENUM_CONVERSION = YES;
				CLANG_WARN_INFINITE_RECURSION = YES;
				CLANG_WARN_INT_CONVERSION = YES;
				CLANG_WARN_NON_LITERAL_NULL_CONVERSION = YES;
				CLANG_WARN_OBJC_IMPLICIT_RETAIN_SELF = YES;
				CLANG_WARN_OBJC_LITERAL_CONVERSION = YES;
				CLANG_WARN_OBJC_ROOT_CLASS = YES_ERROR;
				CLANG_WARN_QUOTED_INCLUDE_IN_FRAMEWORK_HEADER = YES;
				CLANG_WARN_RANGE_LOOP_ANALYSIS = YES;
				CLANG_WARN_STRICT_PROTOTYPES = YES;
				CLANG_WARN_SUSPICIOUS_MOVE = YES;
				CLANG_WARN_UNGUARDED_AVAILABILITY = YES_AGGRESSIVE;
				CLANG_WARN_UNREACHABLE_CODE = YES;
				CLANG_WARN__DUPLICATE_METHOD_MATCH = YES;
				COPY_PHASE_STRIP = NO;
				DEBUG_INFORMATION_FORMAT = dwarf;
				ENABLE_STRICT_OBJC_MSGSEND = YES;
				ENABLE_TESTABILITY = YES;
				GCC_C_LANGUAGE_STANDARD = gnu11;
				GCC_DYNAMIC_NO_PIC = NO;
				GCC_NO_COMMON_BLOCKS = YES;
				GCC_OPTIMIZATION_LEVEL = 0;
				GCC_PREPROCESSOR_DEFINITIONS = (
					"DEBUG=1",
					"$(inherited)",
				);
				GCC_WARN_64_TO_32_BIT_CONVERSION = YES;
				GCC_WARN_ABOUT_RETURN_TYPE = YES_ERROR;
				GCC_WARN_UNDECLARED_SELECTOR = YES;
				GCC_WARN_UNINITIALIZED_AUTOS = YES_AGGRESSIVE;
				GCC_WARN_UNUSED_FUNCTION = YES;
				GCC_WARN_UNUSED_VARIABLE = YES;
				IPHONEOS_DEPLOYMENT_TARGET = 14.4;
				MTL_ENABLE_DEBUG_INFO = INCLUDE_SOURCE;
				MTL_FAST_MATH = YES;
				ONLY_ACTIVE_ARCH = YES;
				SDKROOT = iphoneos;
				SWIFT_ACTIVE_COMPILATION_CONDITIONS = DEBUG;
				SWIFT_OPTIMIZATION_LEVEL = "-Onone";
			};
			name = Debug;
		};
		4B69C2E725F39CC600BA0663 /* Release */ = {
			isa = XCBuildConfiguration;
			buildSettings = {
				ALWAYS_SEARCH_USER_PATHS = NO;
				CLANG_ANALYZER_NONNULL = YES;
				CLANG_ANALYZER_NUMBER_OBJECT_CONVERSION = YES_AGGRESSIVE;
				CLANG_CXX_LANGUAGE_STANDARD = "gnu++14";
				CLANG_CXX_LIBRARY = "libc++";
				CLANG_ENABLE_MODULES = YES;
				CLANG_ENABLE_OBJC_ARC = YES;
				CLANG_ENABLE_OBJC_WEAK = YES;
				CLANG_WARN_BLOCK_CAPTURE_AUTORELEASING = YES;
				CLANG_WARN_BOOL_CONVERSION = YES;
				CLANG_WARN_COMMA = YES;
				CLANG_WARN_CONSTANT_CONVERSION = YES;
				CLANG_WARN_DEPRECATED_OBJC_IMPLEMENTATIONS = YES;
				CLANG_WARN_DIRECT_OBJC_ISA_USAGE = YES_ERROR;
				CLANG_WARN_DOCUMENTATION_COMMENTS = YES;
				CLANG_WARN_EMPTY_BODY = YES;
				CLANG_WARN_ENUM_CONVERSION = YES;
				CLANG_WARN_INFINITE_RECURSION = YES;
				CLANG_WARN_INT_CONVERSION = YES;
				CLANG_WARN_NON_LITERAL_NULL_CONVERSION = YES;
				CLANG_WARN_OBJC_IMPLICIT_RETAIN_SELF = YES;
				CLANG_WARN_OBJC_LITERAL_CONVERSION = YES;
				CLANG_WARN_OBJC_ROOT_CLASS = YES_ERROR;
				CLANG_WARN_QUOTED_INCLUDE_IN_FRAMEWORK_HEADER = YES;
				CLANG_WARN_RANGE_LOOP_ANALYSIS = YES;
				CLANG_WARN_STRICT_PROTOTYPES = YES;
				CLANG_WARN_SUSPICIOUS_MOVE = YES;
				CLANG_WARN_UNGUARDED_AVAILABILITY = YES_AGGRESSIVE;
				CLANG_WARN_UNREACHABLE_CODE = YES;
				CLANG_WARN__DUPLICATE_METHOD_MATCH = YES;
				COPY_PHASE_STRIP = NO;
				DEBUG_INFORMATION_FORMAT = "dwarf-with-dsym";
				ENABLE_NS_ASSERTIONS = NO;
				ENABLE_STRICT_OBJC_MSGSEND = YES;
				GCC_C_LANGUAGE_STANDARD = gnu11;
				GCC_NO_COMMON_BLOCKS = YES;
				GCC_WARN_64_TO_32_BIT_CONVERSION = YES;
				GCC_WARN_ABOUT_RETURN_TYPE = YES_ERROR;
				GCC_WARN_UNDECLARED_SELECTOR = YES;
				GCC_WARN_UNINITIALIZED_AUTOS = YES_AGGRESSIVE;
				GCC_WARN_UNUSED_FUNCTION = YES;
				GCC_WARN_UNUSED_VARIABLE = YES;
				IPHONEOS_DEPLOYMENT_TARGET = 14.4;
				MTL_ENABLE_DEBUG_INFO = NO;
				MTL_FAST_MATH = YES;
				SDKROOT = iphoneos;
				SWIFT_COMPILATION_MODE = wholemodule;
				SWIFT_OPTIMIZATION_LEVEL = "-O";
				VALIDATE_PRODUCT = YES;
			};
			name = Release;
		};
		4B69C2E925F39CC600BA0663 /* Debug */ = {
			isa = XCBuildConfiguration;
			buildSettings = {
				ASSETCATALOG_COMPILER_APPICON_NAME = AppIcon;
				ASSETCATALOG_COMPILER_GLOBAL_ACCENT_COLOR_NAME = AccentColor;
				CODE_SIGN_STYLE = Automatic;
				DEVELOPMENT_ASSET_PATHS = "\"TwitterX/Preview Content\"";
				DEVELOPMENT_TEAM = 6Q6573TH26;
				ENABLE_PREVIEWS = YES;
				INFOPLIST_FILE = TwitterX/Info.plist;
				IPHONEOS_DEPLOYMENT_TARGET = 14.0;
				LD_RUNPATH_SEARCH_PATHS = (
					"$(inherited)",
					"@executable_path/Frameworks",
				);
				PRODUCT_BUNDLE_IDENTIFIER = com.piyushkant.twitterx;
				PRODUCT_NAME = "$(TARGET_NAME)";
				SWIFT_VERSION = 5.0;
				TARGETED_DEVICE_FAMILY = "1,2";
			};
			name = Debug;
		};
		4B69C2EA25F39CC600BA0663 /* Release */ = {
			isa = XCBuildConfiguration;
			buildSettings = {
				ASSETCATALOG_COMPILER_APPICON_NAME = AppIcon;
				ASSETCATALOG_COMPILER_GLOBAL_ACCENT_COLOR_NAME = AccentColor;
				CODE_SIGN_STYLE = Automatic;
				DEVELOPMENT_ASSET_PATHS = "\"TwitterX/Preview Content\"";
				DEVELOPMENT_TEAM = 6Q6573TH26;
				ENABLE_PREVIEWS = YES;
				INFOPLIST_FILE = TwitterX/Info.plist;
				IPHONEOS_DEPLOYMENT_TARGET = 14.0;
				LD_RUNPATH_SEARCH_PATHS = (
					"$(inherited)",
					"@executable_path/Frameworks",
				);
				PRODUCT_BUNDLE_IDENTIFIER = com.piyushkant.twitterx;
				PRODUCT_NAME = "$(TARGET_NAME)";
				SWIFT_VERSION = 5.0;
				TARGETED_DEVICE_FAMILY = "1,2";
			};
			name = Release;
		};
/* End XCBuildConfiguration section */

/* Begin XCConfigurationList section */
		4B46DC912622CA090015F0C5 /* Build configuration list for PBXNativeTarget "TwitterXTests" */ = {
			isa = XCConfigurationList;
			buildConfigurations = (
				4B46DC8F2622CA090015F0C5 /* Debug */,
				4B46DC902622CA090015F0C5 /* Release */,
			);
			defaultConfigurationIsVisible = 0;
			defaultConfigurationName = Release;
		};
		4B69C2BE25F39CC500BA0663 /* Build configuration list for PBXProject "TwitterX" */ = {
			isa = XCConfigurationList;
			buildConfigurations = (
				4B69C2E625F39CC600BA0663 /* Debug */,
				4B69C2E725F39CC600BA0663 /* Release */,
			);
			defaultConfigurationIsVisible = 0;
			defaultConfigurationName = Release;
		};
		4B69C2E825F39CC600BA0663 /* Build configuration list for PBXNativeTarget "TwitterX" */ = {
			isa = XCConfigurationList;
			buildConfigurations = (
				4B69C2E925F39CC600BA0663 /* Debug */,
				4B69C2EA25F39CC600BA0663 /* Release */,
			);
			defaultConfigurationIsVisible = 0;
			defaultConfigurationName = Release;
		};
/* End XCConfigurationList section */

/* Begin XCRemoteSwiftPackageReference section */
		4B0CBDD425FDAF6A00615DDF /* XCRemoteSwiftPackageReference "SwiftyGif" */ = {
			isa = XCRemoteSwiftPackageReference;
			repositoryURL = "https://github.com/kirualex/SwiftyGif";
			requirement = {
				kind = upToNextMajorVersion;
				minimumVersion = 5.4.0;
			};
		};
		4B41573826024A5F00FDE2CB /* XCRemoteSwiftPackageReference "giphy-ios-sdk" */ = {
			isa = XCRemoteSwiftPackageReference;
			repositoryURL = "https://github.com/Giphy/giphy-ios-sdk";
			requirement = {
				kind = upToNextMajorVersion;
				minimumVersion = 2.1.5;
			};
		};
		4B41573E26024D9400FDE2CB /* XCRemoteSwiftPackageReference "SDWebImageSwiftUI" */ = {
			isa = XCRemoteSwiftPackageReference;
			repositoryURL = "https://github.com/SDWebImage/SDWebImageSwiftUI";
			requirement = {
				kind = upToNextMajorVersion;
				minimumVersion = 2.0.2;
			};
		};
		4B69C30225F39FBE00BA0663 /* XCRemoteSwiftPackageReference "firebase-ios-sdk" */ = {
			isa = XCRemoteSwiftPackageReference;
			repositoryURL = "https://github.com/firebase/firebase-ios-sdk.git";
			requirement = {
				kind = upToNextMajorVersion;
				minimumVersion = 7.7.0;
			};
		};
		4BB260C8260612F200F10204 /* XCRemoteSwiftPackageReference "VideoPlayer" */ = {
			isa = XCRemoteSwiftPackageReference;
			repositoryURL = "https://github.com/wxxsw/VideoPlayer";
			requirement = {
				kind = upToNextMajorVersion;
				minimumVersion = 1.2.3;
			};
		};
/* End XCRemoteSwiftPackageReference section */

/* Begin XCSwiftPackageProductDependency section */
		4B0CBDD525FDAF6B00615DDF /* SwiftyGif */ = {
			isa = XCSwiftPackageProductDependency;
			package = 4B0CBDD425FDAF6A00615DDF /* XCRemoteSwiftPackageReference "SwiftyGif" */;
			productName = SwiftyGif;
		};
		4B41573926024A5F00FDE2CB /* GiphyUISDK */ = {
			isa = XCSwiftPackageProductDependency;
			package = 4B41573826024A5F00FDE2CB /* XCRemoteSwiftPackageReference "giphy-ios-sdk" */;
			productName = GiphyUISDK;
		};
		4B41573F26024D9400FDE2CB /* SDWebImageSwiftUI */ = {
			isa = XCSwiftPackageProductDependency;
			package = 4B41573E26024D9400FDE2CB /* XCRemoteSwiftPackageReference "SDWebImageSwiftUI" */;
			productName = SDWebImageSwiftUI;
		};
		4B69C30325F39FBE00BA0663 /* FirebaseAnalytics */ = {
			isa = XCSwiftPackageProductDependency;
			package = 4B69C30225F39FBE00BA0663 /* XCRemoteSwiftPackageReference "firebase-ios-sdk" */;
			productName = FirebaseAnalytics;
		};
		4B69C30525F39FBE00BA0663 /* FirebaseAuth */ = {
			isa = XCSwiftPackageProductDependency;
			package = 4B69C30225F39FBE00BA0663 /* XCRemoteSwiftPackageReference "firebase-ios-sdk" */;
			productName = FirebaseAuth;
		};
		4B69C30725F39FBE00BA0663 /* FirebaseCrashlytics */ = {
			isa = XCSwiftPackageProductDependency;
			package = 4B69C30225F39FBE00BA0663 /* XCRemoteSwiftPackageReference "firebase-ios-sdk" */;
			productName = FirebaseCrashlytics;
		};
		4BB260C9260612F200F10204 /* VideoPlayer */ = {
			isa = XCSwiftPackageProductDependency;
			package = 4BB260C8260612F200F10204 /* XCRemoteSwiftPackageReference "VideoPlayer" */;
			productName = VideoPlayer;
		};
/* End XCSwiftPackageProductDependency section */
	};
	rootObject = 4B69C2BB25F39CC500BA0663 /* Project object */;
}
